
Microsoft Visual Studio Solution File, Format Version 12.00
# Visual Studio 15
VisualStudioVersion = 15.0.26906.1
MinimumVisualStudioVersion = 10.0.40219.1
Project("{2150E333-8FDC-42A3-9474-1A3956D46DE8}") = "Solution Items", "Solution Items", "{6E51AD5B-CE63-4523-B7E6-F3C2E073AF06}"
	ProjectSection(SolutionItems) = preProject
		NuGet.Config = NuGet.Config
	EndProjectSection
EndProject
Project("{FAE04EC0-301F-11D3-BF4B-00C04F79EFBC}") = "Raptor.Android", "Raptor.Android\Raptor.Android.csproj", "{10473580-DEC9-4332-A19D-4E92822D99CF}"
EndProject
Project("{FAE04EC0-301F-11D3-BF4B-00C04F79EFBC}") = "Raptor.iOS", "Raptor.iOS\Raptor.iOS.csproj", "{9880E4F6-A1BB-4550-A392-4F2A8AD04A45}"
EndProject
Project("{D954291E-2A0B-460D-934E-DC6B0785DB48}") = "Raptor.GameEngine", "Raptor.GameEngine\Raptor.GameEngine.shproj", "{B75827AC-DD05-42F0-9372-BBF582A95D13}"
EndProject
Project("{FAE04EC0-301F-11D3-BF4B-00C04F79EFBC}") = "Raptor.UWP", "Raptor.UWP\Raptor.UWP.csproj", "{DD221404-F245-4AF8-B455-3EA84E9FA948}"
EndProject
Project("{FAE04EC0-301F-11D3-BF4B-00C04F79EFBC}") = "Raptor.LevelEditor.UWP", "Raptor.LevelEditor.UWP\Raptor.LevelEditor.UWP.csproj", "{DD15DF8E-C7B1-407D-B60B-A9BACFF508A4}"
EndProject
Project("{00D1A9C2-B5F0-4AF3-8072-F6C62B433612}") = "Raptor.DataLayer.SQLCLR", "Raptor.DataLayer.SQLCLR\Raptor.DataLayer.SQLCLR.sqlproj", "{B0791623-7362-44DC-9F55-BA22F4F556EC}"
EndProject
Project("{9A19103F-16F7-4668-BE54-9A1E7A4F7556}") = "Raptor.Library", "Raptor.Library\Raptor.Library.csproj", "{5416224C-88C1-4D26-ADAF-7983BCE04756}"
EndProject
Project("{9A19103F-16F7-4668-BE54-9A1E7A4F7556}") = "Raptor.WebAPI", "Raptor.WebAPI\Raptor.WebAPI.csproj", "{C14FCA3C-E095-4153-A894-9AF3625A738A}"
EndProject
Project("{FAE04EC0-301F-11D3-BF4B-00C04F79EFBC}") = "Raptor.WebAPI.BusinessLayer", "Raptor.WebAPI.BusinessLayer\Raptor.WebAPI.BusinessLayer.csproj", "{4AD8A96A-F87D-47F9-89C5-29BDD8B1F225}"
EndProject
Project("{FAE04EC0-301F-11D3-BF4B-00C04F79EFBC}") = "Raptor.WebAPI.DataLayer", "Raptor.WebAPI.DataLayer\Raptor.WebAPI.DataLayer.csproj", "{3ADC7AA9-ADD7-4573-91AA-A550A252AA59}"
EndProject
Global
	GlobalSection(SharedMSBuildProjectFiles) = preSolution
		Raptor.GameEngine\Raptor.GameEngine.projitems*{10473580-dec9-4332-a19d-4e92822d99cf}*SharedItemsImports = 4
		Raptor.GameEngine\Raptor.GameEngine.projitems*{9880e4f6-a1bb-4550-a392-4f2a8ad04a45}*SharedItemsImports = 4
		Raptor.GameEngine\Raptor.GameEngine.projitems*{b75827ac-dd05-42f0-9372-bbf582a95d13}*SharedItemsImports = 13
	EndGlobalSection
	GlobalSection(SolutionConfigurationPlatforms) = preSolution
		Ad-Hoc|Any CPU = Ad-Hoc|Any CPU
		Ad-Hoc|ARM = Ad-Hoc|ARM
		Ad-Hoc|iPhone = Ad-Hoc|iPhone
		Ad-Hoc|iPhoneSimulator = Ad-Hoc|iPhoneSimulator
		Ad-Hoc|x64 = Ad-Hoc|x64
		Ad-Hoc|x86 = Ad-Hoc|x86
		AppStore|Any CPU = AppStore|Any CPU
		AppStore|ARM = AppStore|ARM
		AppStore|iPhone = AppStore|iPhone
		AppStore|iPhoneSimulator = AppStore|iPhoneSimulator
		AppStore|x64 = AppStore|x64
		AppStore|x86 = AppStore|x86
		Debug|Any CPU = Debug|Any CPU
		Debug|ARM = Debug|ARM
		Debug|iPhone = Debug|iPhone
		Debug|iPhoneSimulator = Debug|iPhoneSimulator
		Debug|x64 = Debug|x64
		Debug|x86 = Debug|x86
		Release|Any CPU = Release|Any CPU
		Release|ARM = Release|ARM
		Release|iPhone = Release|iPhone
		Release|iPhoneSimulator = Release|iPhoneSimulator
		Release|x64 = Release|x64
		Release|x86 = Release|x86
	EndGlobalSection
	GlobalSection(ProjectConfigurationPlatforms) = postSolution
		{10473580-DEC9-4332-A19D-4E92822D99CF}.Ad-Hoc|Any CPU.ActiveCfg = Release|Any CPU
		{10473580-DEC9-4332-A19D-4E92822D99CF}.Ad-Hoc|Any CPU.Build.0 = Release|Any CPU
		{10473580-DEC9-4332-A19D-4E92822D99CF}.Ad-Hoc|Any CPU.Deploy.0 = Release|Any CPU
		{10473580-DEC9-4332-A19D-4E92822D99CF}.Ad-Hoc|ARM.ActiveCfg = Debug|Any CPU
		{10473580-DEC9-4332-A19D-4E92822D99CF}.Ad-Hoc|ARM.Build.0 = Debug|Any CPU
		{10473580-DEC9-4332-A19D-4E92822D99CF}.Ad-Hoc|ARM.Deploy.0 = Debug|Any CPU
		{10473580-DEC9-4332-A19D-4E92822D99CF}.Ad-Hoc|iPhone.ActiveCfg = Release|Any CPU
		{10473580-DEC9-4332-A19D-4E92822D99CF}.Ad-Hoc|iPhone.Build.0 = Release|Any CPU
		{10473580-DEC9-4332-A19D-4E92822D99CF}.Ad-Hoc|iPhone.Deploy.0 = Release|Any CPU
		{10473580-DEC9-4332-A19D-4E92822D99CF}.Ad-Hoc|iPhoneSimulator.ActiveCfg = Release|Any CPU
		{10473580-DEC9-4332-A19D-4E92822D99CF}.Ad-Hoc|iPhoneSimulator.Build.0 = Release|Any CPU
		{10473580-DEC9-4332-A19D-4E92822D99CF}.Ad-Hoc|iPhoneSimulator.Deploy.0 = Release|Any CPU
		{10473580-DEC9-4332-A19D-4E92822D99CF}.Ad-Hoc|x64.ActiveCfg = Debug|Any CPU
		{10473580-DEC9-4332-A19D-4E92822D99CF}.Ad-Hoc|x64.Build.0 = Debug|Any CPU
		{10473580-DEC9-4332-A19D-4E92822D99CF}.Ad-Hoc|x64.Deploy.0 = Debug|Any CPU
		{10473580-DEC9-4332-A19D-4E92822D99CF}.Ad-Hoc|x86.ActiveCfg = Debug|Any CPU
		{10473580-DEC9-4332-A19D-4E92822D99CF}.Ad-Hoc|x86.Build.0 = Debug|Any CPU
		{10473580-DEC9-4332-A19D-4E92822D99CF}.Ad-Hoc|x86.Deploy.0 = Debug|Any CPU
		{10473580-DEC9-4332-A19D-4E92822D99CF}.AppStore|Any CPU.ActiveCfg = Release|Any CPU
		{10473580-DEC9-4332-A19D-4E92822D99CF}.AppStore|Any CPU.Build.0 = Release|Any CPU
		{10473580-DEC9-4332-A19D-4E92822D99CF}.AppStore|Any CPU.Deploy.0 = Release|Any CPU
		{10473580-DEC9-4332-A19D-4E92822D99CF}.AppStore|ARM.ActiveCfg = Debug|Any CPU
		{10473580-DEC9-4332-A19D-4E92822D99CF}.AppStore|ARM.Build.0 = Debug|Any CPU
		{10473580-DEC9-4332-A19D-4E92822D99CF}.AppStore|ARM.Deploy.0 = Debug|Any CPU
		{10473580-DEC9-4332-A19D-4E92822D99CF}.AppStore|iPhone.ActiveCfg = Release|Any CPU
		{10473580-DEC9-4332-A19D-4E92822D99CF}.AppStore|iPhone.Build.0 = Release|Any CPU
		{10473580-DEC9-4332-A19D-4E92822D99CF}.AppStore|iPhone.Deploy.0 = Release|Any CPU
		{10473580-DEC9-4332-A19D-4E92822D99CF}.AppStore|iPhoneSimulator.ActiveCfg = Release|Any CPU
		{10473580-DEC9-4332-A19D-4E92822D99CF}.AppStore|iPhoneSimulator.Build.0 = Release|Any CPU
		{10473580-DEC9-4332-A19D-4E92822D99CF}.AppStore|iPhoneSimulator.Deploy.0 = Release|Any CPU
		{10473580-DEC9-4332-A19D-4E92822D99CF}.AppStore|x64.ActiveCfg = Debug|Any CPU
		{10473580-DEC9-4332-A19D-4E92822D99CF}.AppStore|x64.Build.0 = Debug|Any CPU
		{10473580-DEC9-4332-A19D-4E92822D99CF}.AppStore|x64.Deploy.0 = Debug|Any CPU
		{10473580-DEC9-4332-A19D-4E92822D99CF}.AppStore|x86.ActiveCfg = Debug|Any CPU
		{10473580-DEC9-4332-A19D-4E92822D99CF}.AppStore|x86.Build.0 = Debug|Any CPU
		{10473580-DEC9-4332-A19D-4E92822D99CF}.AppStore|x86.Deploy.0 = Debug|Any CPU
		{10473580-DEC9-4332-A19D-4E92822D99CF}.Debug|Any CPU.ActiveCfg = Debug|Any CPU
		{10473580-DEC9-4332-A19D-4E92822D99CF}.Debug|Any CPU.Build.0 = Debug|Any CPU
		{10473580-DEC9-4332-A19D-4E92822D99CF}.Debug|ARM.ActiveCfg = Debug|Any CPU
		{10473580-DEC9-4332-A19D-4E92822D99CF}.Debug|ARM.Build.0 = Debug|Any CPU
		{10473580-DEC9-4332-A19D-4E92822D99CF}.Debug|ARM.Deploy.0 = Debug|Any CPU
		{10473580-DEC9-4332-A19D-4E92822D99CF}.Debug|iPhone.ActiveCfg = Debug|Any CPU
		{10473580-DEC9-4332-A19D-4E92822D99CF}.Debug|iPhone.Build.0 = Debug|Any CPU
		{10473580-DEC9-4332-A19D-4E92822D99CF}.Debug|iPhone.Deploy.0 = Debug|Any CPU
		{10473580-DEC9-4332-A19D-4E92822D99CF}.Debug|iPhoneSimulator.ActiveCfg = Debug|Any CPU
		{10473580-DEC9-4332-A19D-4E92822D99CF}.Debug|iPhoneSimulator.Build.0 = Debug|Any CPU
		{10473580-DEC9-4332-A19D-4E92822D99CF}.Debug|iPhoneSimulator.Deploy.0 = Debug|Any CPU
		{10473580-DEC9-4332-A19D-4E92822D99CF}.Debug|x64.ActiveCfg = Debug|Any CPU
		{10473580-DEC9-4332-A19D-4E92822D99CF}.Debug|x64.Build.0 = Debug|Any CPU
		{10473580-DEC9-4332-A19D-4E92822D99CF}.Debug|x64.Deploy.0 = Debug|Any CPU
		{10473580-DEC9-4332-A19D-4E92822D99CF}.Debug|x86.ActiveCfg = Debug|Any CPU
		{10473580-DEC9-4332-A19D-4E92822D99CF}.Release|Any CPU.ActiveCfg = Release|Any CPU
		{10473580-DEC9-4332-A19D-4E92822D99CF}.Release|Any CPU.Build.0 = Release|Any CPU
		{10473580-DEC9-4332-A19D-4E92822D99CF}.Release|Any CPU.Deploy.0 = Release|Any CPU
		{10473580-DEC9-4332-A19D-4E92822D99CF}.Release|ARM.ActiveCfg = Release|Any CPU
		{10473580-DEC9-4332-A19D-4E92822D99CF}.Release|ARM.Build.0 = Release|Any CPU
		{10473580-DEC9-4332-A19D-4E92822D99CF}.Release|ARM.Deploy.0 = Release|Any CPU
		{10473580-DEC9-4332-A19D-4E92822D99CF}.Release|iPhone.ActiveCfg = Release|Any CPU
		{10473580-DEC9-4332-A19D-4E92822D99CF}.Release|iPhone.Build.0 = Release|Any CPU
		{10473580-DEC9-4332-A19D-4E92822D99CF}.Release|iPhone.Deploy.0 = Release|Any CPU
		{10473580-DEC9-4332-A19D-4E92822D99CF}.Release|iPhoneSimulator.ActiveCfg = Release|Any CPU
		{10473580-DEC9-4332-A19D-4E92822D99CF}.Release|iPhoneSimulator.Build.0 = Release|Any CPU
		{10473580-DEC9-4332-A19D-4E92822D99CF}.Release|iPhoneSimulator.Deploy.0 = Release|Any CPU
		{10473580-DEC9-4332-A19D-4E92822D99CF}.Release|x64.ActiveCfg = Release|Any CPU
		{10473580-DEC9-4332-A19D-4E92822D99CF}.Release|x64.Build.0 = Release|Any CPU
		{10473580-DEC9-4332-A19D-4E92822D99CF}.Release|x64.Deploy.0 = Release|Any CPU
		{10473580-DEC9-4332-A19D-4E92822D99CF}.Release|x86.ActiveCfg = Release|Any CPU
		{10473580-DEC9-4332-A19D-4E92822D99CF}.Release|x86.Build.0 = Release|Any CPU
		{10473580-DEC9-4332-A19D-4E92822D99CF}.Release|x86.Deploy.0 = Release|Any CPU
		{9880E4F6-A1BB-4550-A392-4F2A8AD04A45}.Ad-Hoc|Any CPU.ActiveCfg = Ad-Hoc|iPhone
		{9880E4F6-A1BB-4550-A392-4F2A8AD04A45}.Ad-Hoc|ARM.ActiveCfg = Ad-Hoc|iPhoneSimulator
		{9880E4F6-A1BB-4550-A392-4F2A8AD04A45}.Ad-Hoc|iPhone.ActiveCfg = Ad-Hoc|iPhone
		{9880E4F6-A1BB-4550-A392-4F2A8AD04A45}.Ad-Hoc|iPhone.Build.0 = Ad-Hoc|iPhone
		{9880E4F6-A1BB-4550-A392-4F2A8AD04A45}.Ad-Hoc|iPhoneSimulator.ActiveCfg = Ad-Hoc|iPhoneSimulator
		{9880E4F6-A1BB-4550-A392-4F2A8AD04A45}.Ad-Hoc|iPhoneSimulator.Build.0 = Ad-Hoc|iPhoneSimulator
		{9880E4F6-A1BB-4550-A392-4F2A8AD04A45}.Ad-Hoc|x64.ActiveCfg = Ad-Hoc|iPhoneSimulator
		{9880E4F6-A1BB-4550-A392-4F2A8AD04A45}.Ad-Hoc|x86.ActiveCfg = Ad-Hoc|iPhoneSimulator
		{9880E4F6-A1BB-4550-A392-4F2A8AD04A45}.AppStore|Any CPU.ActiveCfg = AppStore|iPhone
		{9880E4F6-A1BB-4550-A392-4F2A8AD04A45}.AppStore|ARM.ActiveCfg = AppStore|iPhoneSimulator
		{9880E4F6-A1BB-4550-A392-4F2A8AD04A45}.AppStore|iPhone.ActiveCfg = AppStore|iPhone
		{9880E4F6-A1BB-4550-A392-4F2A8AD04A45}.AppStore|iPhone.Build.0 = AppStore|iPhone
		{9880E4F6-A1BB-4550-A392-4F2A8AD04A45}.AppStore|iPhoneSimulator.ActiveCfg = AppStore|iPhoneSimulator
		{9880E4F6-A1BB-4550-A392-4F2A8AD04A45}.AppStore|iPhoneSimulator.Build.0 = AppStore|iPhoneSimulator
		{9880E4F6-A1BB-4550-A392-4F2A8AD04A45}.AppStore|x64.ActiveCfg = AppStore|iPhoneSimulator
		{9880E4F6-A1BB-4550-A392-4F2A8AD04A45}.AppStore|x86.ActiveCfg = AppStore|iPhoneSimulator
		{9880E4F6-A1BB-4550-A392-4F2A8AD04A45}.Debug|Any CPU.ActiveCfg = Debug|iPhone
		{9880E4F6-A1BB-4550-A392-4F2A8AD04A45}.Debug|ARM.ActiveCfg = Debug|iPhoneSimulator
		{9880E4F6-A1BB-4550-A392-4F2A8AD04A45}.Debug|iPhone.ActiveCfg = Debug|iPhone
		{9880E4F6-A1BB-4550-A392-4F2A8AD04A45}.Debug|iPhone.Build.0 = Debug|iPhone
		{9880E4F6-A1BB-4550-A392-4F2A8AD04A45}.Debug|iPhoneSimulator.ActiveCfg = Debug|iPhoneSimulator
		{9880E4F6-A1BB-4550-A392-4F2A8AD04A45}.Debug|iPhoneSimulator.Build.0 = Debug|iPhoneSimulator
		{9880E4F6-A1BB-4550-A392-4F2A8AD04A45}.Debug|x64.ActiveCfg = Debug|iPhoneSimulator
		{9880E4F6-A1BB-4550-A392-4F2A8AD04A45}.Debug|x86.ActiveCfg = Debug|iPhoneSimulator
		{9880E4F6-A1BB-4550-A392-4F2A8AD04A45}.Release|Any CPU.ActiveCfg = Release|iPhone
		{9880E4F6-A1BB-4550-A392-4F2A8AD04A45}.Release|ARM.ActiveCfg = Release|iPhoneSimulator
		{9880E4F6-A1BB-4550-A392-4F2A8AD04A45}.Release|iPhone.ActiveCfg = Release|iPhone
		{9880E4F6-A1BB-4550-A392-4F2A8AD04A45}.Release|iPhone.Build.0 = Release|iPhone
		{9880E4F6-A1BB-4550-A392-4F2A8AD04A45}.Release|iPhoneSimulator.ActiveCfg = Release|iPhoneSimulator
		{9880E4F6-A1BB-4550-A392-4F2A8AD04A45}.Release|iPhoneSimulator.Build.0 = Release|iPhoneSimulator
		{9880E4F6-A1BB-4550-A392-4F2A8AD04A45}.Release|x64.ActiveCfg = Release|iPhoneSimulator
		{9880E4F6-A1BB-4550-A392-4F2A8AD04A45}.Release|x86.ActiveCfg = Release|iPhoneSimulator
		{DD221404-F245-4AF8-B455-3EA84E9FA948}.Ad-Hoc|Any CPU.ActiveCfg = Release|x86
		{DD221404-F245-4AF8-B455-3EA84E9FA948}.Ad-Hoc|Any CPU.Build.0 = Release|x86
		{DD221404-F245-4AF8-B455-3EA84E9FA948}.Ad-Hoc|Any CPU.Deploy.0 = Release|x86
		{DD221404-F245-4AF8-B455-3EA84E9FA948}.Ad-Hoc|ARM.ActiveCfg = Release|ARM
		{DD221404-F245-4AF8-B455-3EA84E9FA948}.Ad-Hoc|ARM.Build.0 = Release|ARM
		{DD221404-F245-4AF8-B455-3EA84E9FA948}.Ad-Hoc|ARM.Deploy.0 = Release|ARM
		{DD221404-F245-4AF8-B455-3EA84E9FA948}.Ad-Hoc|iPhone.ActiveCfg = Release|x86
		{DD221404-F245-4AF8-B455-3EA84E9FA948}.Ad-Hoc|iPhone.Build.0 = Release|x86
		{DD221404-F245-4AF8-B455-3EA84E9FA948}.Ad-Hoc|iPhone.Deploy.0 = Release|x86
		{DD221404-F245-4AF8-B455-3EA84E9FA948}.Ad-Hoc|iPhoneSimulator.ActiveCfg = Release|x86
		{DD221404-F245-4AF8-B455-3EA84E9FA948}.Ad-Hoc|iPhoneSimulator.Build.0 = Release|x86
		{DD221404-F245-4AF8-B455-3EA84E9FA948}.Ad-Hoc|iPhoneSimulator.Deploy.0 = Release|x86
		{DD221404-F245-4AF8-B455-3EA84E9FA948}.Ad-Hoc|x64.ActiveCfg = Release|x64
		{DD221404-F245-4AF8-B455-3EA84E9FA948}.Ad-Hoc|x64.Build.0 = Release|x64
		{DD221404-F245-4AF8-B455-3EA84E9FA948}.Ad-Hoc|x64.Deploy.0 = Release|x64
		{DD221404-F245-4AF8-B455-3EA84E9FA948}.Ad-Hoc|x86.ActiveCfg = Release|x86
		{DD221404-F245-4AF8-B455-3EA84E9FA948}.Ad-Hoc|x86.Build.0 = Release|x86
		{DD221404-F245-4AF8-B455-3EA84E9FA948}.Ad-Hoc|x86.Deploy.0 = Release|x86
		{DD221404-F245-4AF8-B455-3EA84E9FA948}.AppStore|Any CPU.ActiveCfg = Release|x86
		{DD221404-F245-4AF8-B455-3EA84E9FA948}.AppStore|Any CPU.Build.0 = Release|x86
		{DD221404-F245-4AF8-B455-3EA84E9FA948}.AppStore|Any CPU.Deploy.0 = Release|x86
		{DD221404-F245-4AF8-B455-3EA84E9FA948}.AppStore|ARM.ActiveCfg = Release|ARM
		{DD221404-F245-4AF8-B455-3EA84E9FA948}.AppStore|ARM.Build.0 = Release|ARM
		{DD221404-F245-4AF8-B455-3EA84E9FA948}.AppStore|ARM.Deploy.0 = Release|ARM
		{DD221404-F245-4AF8-B455-3EA84E9FA948}.AppStore|iPhone.ActiveCfg = Release|x86
		{DD221404-F245-4AF8-B455-3EA84E9FA948}.AppStore|iPhone.Build.0 = Release|x86
		{DD221404-F245-4AF8-B455-3EA84E9FA948}.AppStore|iPhone.Deploy.0 = Release|x86
		{DD221404-F245-4AF8-B455-3EA84E9FA948}.AppStore|iPhoneSimulator.ActiveCfg = Release|x86
		{DD221404-F245-4AF8-B455-3EA84E9FA948}.AppStore|iPhoneSimulator.Build.0 = Release|x86
		{DD221404-F245-4AF8-B455-3EA84E9FA948}.AppStore|iPhoneSimulator.Deploy.0 = Release|x86
		{DD221404-F245-4AF8-B455-3EA84E9FA948}.AppStore|x64.ActiveCfg = Release|x64
		{DD221404-F245-4AF8-B455-3EA84E9FA948}.AppStore|x64.Build.0 = Release|x64
		{DD221404-F245-4AF8-B455-3EA84E9FA948}.AppStore|x64.Deploy.0 = Release|x64
		{DD221404-F245-4AF8-B455-3EA84E9FA948}.AppStore|x86.ActiveCfg = Release|x86
		{DD221404-F245-4AF8-B455-3EA84E9FA948}.AppStore|x86.Build.0 = Release|x86
		{DD221404-F245-4AF8-B455-3EA84E9FA948}.AppStore|x86.Deploy.0 = Release|x86
		{DD221404-F245-4AF8-B455-3EA84E9FA948}.Debug|Any CPU.ActiveCfg = Debug|x86
		{DD221404-F245-4AF8-B455-3EA84E9FA948}.Debug|ARM.ActiveCfg = Debug|ARM
		{DD221404-F245-4AF8-B455-3EA84E9FA948}.Debug|ARM.Build.0 = Debug|ARM
		{DD221404-F245-4AF8-B455-3EA84E9FA948}.Debug|ARM.Deploy.0 = Debug|ARM
		{DD221404-F245-4AF8-B455-3EA84E9FA948}.Debug|iPhone.ActiveCfg = Debug|x86
		{DD221404-F245-4AF8-B455-3EA84E9FA948}.Debug|iPhoneSimulator.ActiveCfg = Debug|x86
		{DD221404-F245-4AF8-B455-3EA84E9FA948}.Debug|x64.ActiveCfg = Debug|x64
		{DD221404-F245-4AF8-B455-3EA84E9FA948}.Debug|x64.Build.0 = Debug|x64
		{DD221404-F245-4AF8-B455-3EA84E9FA948}.Debug|x64.Deploy.0 = Debug|x64
		{DD221404-F245-4AF8-B455-3EA84E9FA948}.Debug|x86.ActiveCfg = Debug|x86
		{DD221404-F245-4AF8-B455-3EA84E9FA948}.Debug|x86.Build.0 = Debug|x86
		{DD221404-F245-4AF8-B455-3EA84E9FA948}.Debug|x86.Deploy.0 = Debug|x86
		{DD221404-F245-4AF8-B455-3EA84E9FA948}.Release|Any CPU.ActiveCfg = Release|x86
		{DD221404-F245-4AF8-B455-3EA84E9FA948}.Release|ARM.ActiveCfg = Release|ARM
		{DD221404-F245-4AF8-B455-3EA84E9FA948}.Release|ARM.Build.0 = Release|ARM
		{DD221404-F245-4AF8-B455-3EA84E9FA948}.Release|ARM.Deploy.0 = Release|ARM
		{DD221404-F245-4AF8-B455-3EA84E9FA948}.Release|iPhone.ActiveCfg = Release|x86
		{DD221404-F245-4AF8-B455-3EA84E9FA948}.Release|iPhoneSimulator.ActiveCfg = Release|x86
		{DD221404-F245-4AF8-B455-3EA84E9FA948}.Release|x64.ActiveCfg = Release|x64
		{DD221404-F245-4AF8-B455-3EA84E9FA948}.Release|x64.Build.0 = Release|x64
		{DD221404-F245-4AF8-B455-3EA84E9FA948}.Release|x64.Deploy.0 = Release|x64
		{DD221404-F245-4AF8-B455-3EA84E9FA948}.Release|x86.ActiveCfg = Release|x86
		{DD221404-F245-4AF8-B455-3EA84E9FA948}.Release|x86.Build.0 = Release|x86
		{DD221404-F245-4AF8-B455-3EA84E9FA948}.Release|x86.Deploy.0 = Release|x86
		{DD15DF8E-C7B1-407D-B60B-A9BACFF508A4}.Ad-Hoc|Any CPU.ActiveCfg = Release|x64
		{DD15DF8E-C7B1-407D-B60B-A9BACFF508A4}.Ad-Hoc|Any CPU.Build.0 = Release|x64
		{DD15DF8E-C7B1-407D-B60B-A9BACFF508A4}.Ad-Hoc|Any CPU.Deploy.0 = Release|x64
		{DD15DF8E-C7B1-407D-B60B-A9BACFF508A4}.Ad-Hoc|ARM.ActiveCfg = Release|ARM
		{DD15DF8E-C7B1-407D-B60B-A9BACFF508A4}.Ad-Hoc|ARM.Build.0 = Release|ARM
		{DD15DF8E-C7B1-407D-B60B-A9BACFF508A4}.Ad-Hoc|ARM.Deploy.0 = Release|ARM
		{DD15DF8E-C7B1-407D-B60B-A9BACFF508A4}.Ad-Hoc|iPhone.ActiveCfg = Release|x64
		{DD15DF8E-C7B1-407D-B60B-A9BACFF508A4}.Ad-Hoc|iPhone.Build.0 = Release|x64
		{DD15DF8E-C7B1-407D-B60B-A9BACFF508A4}.Ad-Hoc|iPhone.Deploy.0 = Release|x64
		{DD15DF8E-C7B1-407D-B60B-A9BACFF508A4}.Ad-Hoc|iPhoneSimulator.ActiveCfg = Release|x64
		{DD15DF8E-C7B1-407D-B60B-A9BACFF508A4}.Ad-Hoc|iPhoneSimulator.Build.0 = Release|x64
		{DD15DF8E-C7B1-407D-B60B-A9BACFF508A4}.Ad-Hoc|iPhoneSimulator.Deploy.0 = Release|x64
		{DD15DF8E-C7B1-407D-B60B-A9BACFF508A4}.Ad-Hoc|x64.ActiveCfg = Release|x64
		{DD15DF8E-C7B1-407D-B60B-A9BACFF508A4}.Ad-Hoc|x64.Build.0 = Release|x64
		{DD15DF8E-C7B1-407D-B60B-A9BACFF508A4}.Ad-Hoc|x64.Deploy.0 = Release|x64
		{DD15DF8E-C7B1-407D-B60B-A9BACFF508A4}.Ad-Hoc|x86.ActiveCfg = Release|x86
		{DD15DF8E-C7B1-407D-B60B-A9BACFF508A4}.Ad-Hoc|x86.Build.0 = Release|x86
		{DD15DF8E-C7B1-407D-B60B-A9BACFF508A4}.Ad-Hoc|x86.Deploy.0 = Release|x86
		{DD15DF8E-C7B1-407D-B60B-A9BACFF508A4}.AppStore|Any CPU.ActiveCfg = Release|x64
		{DD15DF8E-C7B1-407D-B60B-A9BACFF508A4}.AppStore|Any CPU.Build.0 = Release|x64
		{DD15DF8E-C7B1-407D-B60B-A9BACFF508A4}.AppStore|Any CPU.Deploy.0 = Release|x64
		{DD15DF8E-C7B1-407D-B60B-A9BACFF508A4}.AppStore|ARM.ActiveCfg = Release|ARM
		{DD15DF8E-C7B1-407D-B60B-A9BACFF508A4}.AppStore|ARM.Build.0 = Release|ARM
		{DD15DF8E-C7B1-407D-B60B-A9BACFF508A4}.AppStore|ARM.Deploy.0 = Release|ARM
		{DD15DF8E-C7B1-407D-B60B-A9BACFF508A4}.AppStore|iPhone.ActiveCfg = Release|x64
		{DD15DF8E-C7B1-407D-B60B-A9BACFF508A4}.AppStore|iPhone.Build.0 = Release|x64
		{DD15DF8E-C7B1-407D-B60B-A9BACFF508A4}.AppStore|iPhone.Deploy.0 = Release|x64
		{DD15DF8E-C7B1-407D-B60B-A9BACFF508A4}.AppStore|iPhoneSimulator.ActiveCfg = Release|x64
		{DD15DF8E-C7B1-407D-B60B-A9BACFF508A4}.AppStore|iPhoneSimulator.Build.0 = Release|x64
		{DD15DF8E-C7B1-407D-B60B-A9BACFF508A4}.AppStore|iPhoneSimulator.Deploy.0 = Release|x64
		{DD15DF8E-C7B1-407D-B60B-A9BACFF508A4}.AppStore|x64.ActiveCfg = Release|x64
		{DD15DF8E-C7B1-407D-B60B-A9BACFF508A4}.AppStore|x64.Build.0 = Release|x64
		{DD15DF8E-C7B1-407D-B60B-A9BACFF508A4}.AppStore|x64.Deploy.0 = Release|x64
		{DD15DF8E-C7B1-407D-B60B-A9BACFF508A4}.AppStore|x86.ActiveCfg = Release|x86
		{DD15DF8E-C7B1-407D-B60B-A9BACFF508A4}.AppStore|x86.Build.0 = Release|x86
		{DD15DF8E-C7B1-407D-B60B-A9BACFF508A4}.AppStore|x86.Deploy.0 = Release|x86
		{DD15DF8E-C7B1-407D-B60B-A9BACFF508A4}.Debug|Any CPU.ActiveCfg = Debug|x86
		{DD15DF8E-C7B1-407D-B60B-A9BACFF508A4}.Debug|Any CPU.Build.0 = Debug|x86
		{DD15DF8E-C7B1-407D-B60B-A9BACFF508A4}.Debug|Any CPU.Deploy.0 = Debug|x86
		{DD15DF8E-C7B1-407D-B60B-A9BACFF508A4}.Debug|ARM.ActiveCfg = Debug|ARM
		{DD15DF8E-C7B1-407D-B60B-A9BACFF508A4}.Debug|ARM.Build.0 = Debug|ARM
		{DD15DF8E-C7B1-407D-B60B-A9BACFF508A4}.Debug|ARM.Deploy.0 = Debug|ARM
		{DD15DF8E-C7B1-407D-B60B-A9BACFF508A4}.Debug|iPhone.ActiveCfg = Debug|x86
		{DD15DF8E-C7B1-407D-B60B-A9BACFF508A4}.Debug|iPhoneSimulator.ActiveCfg = Debug|x86
		{DD15DF8E-C7B1-407D-B60B-A9BACFF508A4}.Debug|x64.ActiveCfg = Debug|x64
		{DD15DF8E-C7B1-407D-B60B-A9BACFF508A4}.Debug|x64.Build.0 = Debug|x64
		{DD15DF8E-C7B1-407D-B60B-A9BACFF508A4}.Debug|x64.Deploy.0 = Debug|x64
		{DD15DF8E-C7B1-407D-B60B-A9BACFF508A4}.Debug|x86.ActiveCfg = Debug|x86
		{DD15DF8E-C7B1-407D-B60B-A9BACFF508A4}.Debug|x86.Build.0 = Debug|x86
		{DD15DF8E-C7B1-407D-B60B-A9BACFF508A4}.Debug|x86.Deploy.0 = Debug|x86
		{DD15DF8E-C7B1-407D-B60B-A9BACFF508A4}.Release|Any CPU.ActiveCfg = Release|x86
		{DD15DF8E-C7B1-407D-B60B-A9BACFF508A4}.Release|ARM.ActiveCfg = Release|ARM
		{DD15DF8E-C7B1-407D-B60B-A9BACFF508A4}.Release|ARM.Build.0 = Release|ARM
		{DD15DF8E-C7B1-407D-B60B-A9BACFF508A4}.Release|ARM.Deploy.0 = Release|ARM
		{DD15DF8E-C7B1-407D-B60B-A9BACFF508A4}.Release|iPhone.ActiveCfg = Release|x86
		{DD15DF8E-C7B1-407D-B60B-A9BACFF508A4}.Release|iPhoneSimulator.ActiveCfg = Release|x86
		{DD15DF8E-C7B1-407D-B60B-A9BACFF508A4}.Release|x64.ActiveCfg = Release|x64
		{DD15DF8E-C7B1-407D-B60B-A9BACFF508A4}.Release|x64.Build.0 = Release|x64
		{DD15DF8E-C7B1-407D-B60B-A9BACFF508A4}.Release|x64.Deploy.0 = Release|x64
		{DD15DF8E-C7B1-407D-B60B-A9BACFF508A4}.Release|x86.ActiveCfg = Release|x86
		{DD15DF8E-C7B1-407D-B60B-A9BACFF508A4}.Release|x86.Build.0 = Release|x86
		{DD15DF8E-C7B1-407D-B60B-A9BACFF508A4}.Release|x86.Deploy.0 = Release|x86
		{B0791623-7362-44DC-9F55-BA22F4F556EC}.Ad-Hoc|Any CPU.ActiveCfg = Debug|Any CPU
		{B0791623-7362-44DC-9F55-BA22F4F556EC}.Ad-Hoc|Any CPU.Build.0 = Debug|Any CPU
		{B0791623-7362-44DC-9F55-BA22F4F556EC}.Ad-Hoc|Any CPU.Deploy.0 = Debug|Any CPU
		{B0791623-7362-44DC-9F55-BA22F4F556EC}.Ad-Hoc|ARM.ActiveCfg = Debug|Any CPU
		{B0791623-7362-44DC-9F55-BA22F4F556EC}.Ad-Hoc|ARM.Build.0 = Debug|Any CPU
		{B0791623-7362-44DC-9F55-BA22F4F556EC}.Ad-Hoc|ARM.Deploy.0 = Debug|Any CPU
		{B0791623-7362-44DC-9F55-BA22F4F556EC}.Ad-Hoc|iPhone.ActiveCfg = Debug|Any CPU
		{B0791623-7362-44DC-9F55-BA22F4F556EC}.Ad-Hoc|iPhone.Build.0 = Debug|Any CPU
		{B0791623-7362-44DC-9F55-BA22F4F556EC}.Ad-Hoc|iPhone.Deploy.0 = Debug|Any CPU
		{B0791623-7362-44DC-9F55-BA22F4F556EC}.Ad-Hoc|iPhoneSimulator.ActiveCfg = Debug|Any CPU
		{B0791623-7362-44DC-9F55-BA22F4F556EC}.Ad-Hoc|iPhoneSimulator.Build.0 = Debug|Any CPU
		{B0791623-7362-44DC-9F55-BA22F4F556EC}.Ad-Hoc|iPhoneSimulator.Deploy.0 = Debug|Any CPU
		{B0791623-7362-44DC-9F55-BA22F4F556EC}.Ad-Hoc|x64.ActiveCfg = Debug|Any CPU
		{B0791623-7362-44DC-9F55-BA22F4F556EC}.Ad-Hoc|x64.Build.0 = Debug|Any CPU
		{B0791623-7362-44DC-9F55-BA22F4F556EC}.Ad-Hoc|x64.Deploy.0 = Debug|Any CPU
		{B0791623-7362-44DC-9F55-BA22F4F556EC}.Ad-Hoc|x86.ActiveCfg = Debug|Any CPU
		{B0791623-7362-44DC-9F55-BA22F4F556EC}.Ad-Hoc|x86.Build.0 = Debug|Any CPU
		{B0791623-7362-44DC-9F55-BA22F4F556EC}.Ad-Hoc|x86.Deploy.0 = Debug|Any CPU
		{B0791623-7362-44DC-9F55-BA22F4F556EC}.AppStore|Any CPU.ActiveCfg = Debug|Any CPU
		{B0791623-7362-44DC-9F55-BA22F4F556EC}.AppStore|Any CPU.Build.0 = Debug|Any CPU
		{B0791623-7362-44DC-9F55-BA22F4F556EC}.AppStore|Any CPU.Deploy.0 = Debug|Any CPU
		{B0791623-7362-44DC-9F55-BA22F4F556EC}.AppStore|ARM.ActiveCfg = Debug|Any CPU
		{B0791623-7362-44DC-9F55-BA22F4F556EC}.AppStore|ARM.Build.0 = Debug|Any CPU
		{B0791623-7362-44DC-9F55-BA22F4F556EC}.AppStore|ARM.Deploy.0 = Debug|Any CPU
		{B0791623-7362-44DC-9F55-BA22F4F556EC}.AppStore|iPhone.ActiveCfg = Debug|Any CPU
		{B0791623-7362-44DC-9F55-BA22F4F556EC}.AppStore|iPhone.Build.0 = Debug|Any CPU
		{B0791623-7362-44DC-9F55-BA22F4F556EC}.AppStore|iPhone.Deploy.0 = Debug|Any CPU
		{B0791623-7362-44DC-9F55-BA22F4F556EC}.AppStore|iPhoneSimulator.ActiveCfg = Debug|Any CPU
		{B0791623-7362-44DC-9F55-BA22F4F556EC}.AppStore|iPhoneSimulator.Build.0 = Debug|Any CPU
		{B0791623-7362-44DC-9F55-BA22F4F556EC}.AppStore|iPhoneSimulator.Deploy.0 = Debug|Any CPU
		{B0791623-7362-44DC-9F55-BA22F4F556EC}.AppStore|x64.ActiveCfg = Debug|Any CPU
		{B0791623-7362-44DC-9F55-BA22F4F556EC}.AppStore|x64.Build.0 = Debug|Any CPU
		{B0791623-7362-44DC-9F55-BA22F4F556EC}.AppStore|x64.Deploy.0 = Debug|Any CPU
		{B0791623-7362-44DC-9F55-BA22F4F556EC}.AppStore|x86.ActiveCfg = Debug|Any CPU
		{B0791623-7362-44DC-9F55-BA22F4F556EC}.AppStore|x86.Build.0 = Debug|Any CPU
		{B0791623-7362-44DC-9F55-BA22F4F556EC}.AppStore|x86.Deploy.0 = Debug|Any CPU
		{B0791623-7362-44DC-9F55-BA22F4F556EC}.Debug|Any CPU.ActiveCfg = Debug|Any CPU
		{B0791623-7362-44DC-9F55-BA22F4F556EC}.Debug|ARM.ActiveCfg = Debug|Any CPU
		{B0791623-7362-44DC-9F55-BA22F4F556EC}.Debug|ARM.Build.0 = Debug|Any CPU
		{B0791623-7362-44DC-9F55-BA22F4F556EC}.Debug|ARM.Deploy.0 = Debug|Any CPU
		{B0791623-7362-44DC-9F55-BA22F4F556EC}.Debug|iPhone.ActiveCfg = Debug|Any CPU
		{B0791623-7362-44DC-9F55-BA22F4F556EC}.Debug|iPhone.Build.0 = Debug|Any CPU
		{B0791623-7362-44DC-9F55-BA22F4F556EC}.Debug|iPhone.Deploy.0 = Debug|Any CPU
		{B0791623-7362-44DC-9F55-BA22F4F556EC}.Debug|iPhoneSimulator.ActiveCfg = Debug|Any CPU
		{B0791623-7362-44DC-9F55-BA22F4F556EC}.Debug|iPhoneSimulator.Build.0 = Debug|Any CPU
		{B0791623-7362-44DC-9F55-BA22F4F556EC}.Debug|iPhoneSimulator.Deploy.0 = Debug|Any CPU
		{B0791623-7362-44DC-9F55-BA22F4F556EC}.Debug|x64.ActiveCfg = Debug|Any CPU
		{B0791623-7362-44DC-9F55-BA22F4F556EC}.Debug|x64.Build.0 = Debug|Any CPU
		{B0791623-7362-44DC-9F55-BA22F4F556EC}.Debug|x64.Deploy.0 = Debug|Any CPU
		{B0791623-7362-44DC-9F55-BA22F4F556EC}.Debug|x86.ActiveCfg = Debug|Any CPU
		{B0791623-7362-44DC-9F55-BA22F4F556EC}.Debug|x86.Build.0 = Debug|Any CPU
		{B0791623-7362-44DC-9F55-BA22F4F556EC}.Debug|x86.Deploy.0 = Debug|Any CPU
		{B0791623-7362-44DC-9F55-BA22F4F556EC}.Release|Any CPU.ActiveCfg = Release|Any CPU
		{B0791623-7362-44DC-9F55-BA22F4F556EC}.Release|Any CPU.Build.0 = Release|Any CPU
		{B0791623-7362-44DC-9F55-BA22F4F556EC}.Release|Any CPU.Deploy.0 = Release|Any CPU
		{B0791623-7362-44DC-9F55-BA22F4F556EC}.Release|ARM.ActiveCfg = Release|Any CPU
		{B0791623-7362-44DC-9F55-BA22F4F556EC}.Release|ARM.Build.0 = Release|Any CPU
		{B0791623-7362-44DC-9F55-BA22F4F556EC}.Release|ARM.Deploy.0 = Release|Any CPU
		{B0791623-7362-44DC-9F55-BA22F4F556EC}.Release|iPhone.ActiveCfg = Release|Any CPU
		{B0791623-7362-44DC-9F55-BA22F4F556EC}.Release|iPhone.Build.0 = Release|Any CPU
		{B0791623-7362-44DC-9F55-BA22F4F556EC}.Release|iPhone.Deploy.0 = Release|Any CPU
		{B0791623-7362-44DC-9F55-BA22F4F556EC}.Release|iPhoneSimulator.ActiveCfg = Release|Any CPU
		{B0791623-7362-44DC-9F55-BA22F4F556EC}.Release|iPhoneSimulator.Build.0 = Release|Any CPU
		{B0791623-7362-44DC-9F55-BA22F4F556EC}.Release|iPhoneSimulator.Deploy.0 = Release|Any CPU
		{B0791623-7362-44DC-9F55-BA22F4F556EC}.Release|x64.ActiveCfg = Release|Any CPU
		{B0791623-7362-44DC-9F55-BA22F4F556EC}.Release|x64.Build.0 = Release|Any CPU
		{B0791623-7362-44DC-9F55-BA22F4F556EC}.Release|x64.Deploy.0 = Release|Any CPU
		{B0791623-7362-44DC-9F55-BA22F4F556EC}.Release|x86.ActiveCfg = Release|Any CPU
		{B0791623-7362-44DC-9F55-BA22F4F556EC}.Release|x86.Build.0 = Release|Any CPU
		{B0791623-7362-44DC-9F55-BA22F4F556EC}.Release|x86.Deploy.0 = Release|Any CPU
		{5416224C-88C1-4D26-ADAF-7983BCE04756}.Ad-Hoc|Any CPU.ActiveCfg = Debug|Any CPU
		{5416224C-88C1-4D26-ADAF-7983BCE04756}.Ad-Hoc|Any CPU.Build.0 = Debug|Any CPU
		{5416224C-88C1-4D26-ADAF-7983BCE04756}.Ad-Hoc|ARM.ActiveCfg = Debug|Any CPU
		{5416224C-88C1-4D26-ADAF-7983BCE04756}.Ad-Hoc|ARM.Build.0 = Debug|Any CPU
		{5416224C-88C1-4D26-ADAF-7983BCE04756}.Ad-Hoc|iPhone.ActiveCfg = Debug|Any CPU
		{5416224C-88C1-4D26-ADAF-7983BCE04756}.Ad-Hoc|iPhone.Build.0 = Debug|Any CPU
		{5416224C-88C1-4D26-ADAF-7983BCE04756}.Ad-Hoc|iPhoneSimulator.ActiveCfg = Debug|Any CPU
		{5416224C-88C1-4D26-ADAF-7983BCE04756}.Ad-Hoc|iPhoneSimulator.Build.0 = Debug|Any CPU
		{5416224C-88C1-4D26-ADAF-7983BCE04756}.Ad-Hoc|x64.ActiveCfg = Debug|Any CPU
		{5416224C-88C1-4D26-ADAF-7983BCE04756}.Ad-Hoc|x64.Build.0 = Debug|Any CPU
		{5416224C-88C1-4D26-ADAF-7983BCE04756}.Ad-Hoc|x86.ActiveCfg = Debug|Any CPU
		{5416224C-88C1-4D26-ADAF-7983BCE04756}.Ad-Hoc|x86.Build.0 = Debug|Any CPU
		{5416224C-88C1-4D26-ADAF-7983BCE04756}.AppStore|Any CPU.ActiveCfg = Debug|Any CPU
		{5416224C-88C1-4D26-ADAF-7983BCE04756}.AppStore|Any CPU.Build.0 = Debug|Any CPU
		{5416224C-88C1-4D26-ADAF-7983BCE04756}.AppStore|ARM.ActiveCfg = Debug|Any CPU
		{5416224C-88C1-4D26-ADAF-7983BCE04756}.AppStore|ARM.Build.0 = Debug|Any CPU
		{5416224C-88C1-4D26-ADAF-7983BCE04756}.AppStore|iPhone.ActiveCfg = Debug|Any CPU
		{5416224C-88C1-4D26-ADAF-7983BCE04756}.AppStore|iPhone.Build.0 = Debug|Any CPU
		{5416224C-88C1-4D26-ADAF-7983BCE04756}.AppStore|iPhoneSimulator.ActiveCfg = Debug|Any CPU
		{5416224C-88C1-4D26-ADAF-7983BCE04756}.AppStore|iPhoneSimulator.Build.0 = Debug|Any CPU
		{5416224C-88C1-4D26-ADAF-7983BCE04756}.AppStore|x64.ActiveCfg = Debug|Any CPU
		{5416224C-88C1-4D26-ADAF-7983BCE04756}.AppStore|x64.Build.0 = Debug|Any CPU
		{5416224C-88C1-4D26-ADAF-7983BCE04756}.AppStore|x86.ActiveCfg = Debug|Any CPU
		{5416224C-88C1-4D26-ADAF-7983BCE04756}.AppStore|x86.Build.0 = Debug|Any CPU
		{5416224C-88C1-4D26-ADAF-7983BCE04756}.Debug|Any CPU.ActiveCfg = Debug|Any CPU
		{5416224C-88C1-4D26-ADAF-7983BCE04756}.Debug|Any CPU.Build.0 = Debug|Any CPU
		{5416224C-88C1-4D26-ADAF-7983BCE04756}.Debug|ARM.ActiveCfg = Debug|Any CPU
		{5416224C-88C1-4D26-ADAF-7983BCE04756}.Debug|ARM.Build.0 = Debug|Any CPU
		{5416224C-88C1-4D26-ADAF-7983BCE04756}.Debug|iPhone.ActiveCfg = Debug|Any CPU
		{5416224C-88C1-4D26-ADAF-7983BCE04756}.Debug|iPhone.Build.0 = Debug|Any CPU
		{5416224C-88C1-4D26-ADAF-7983BCE04756}.Debug|iPhoneSimulator.ActiveCfg = Debug|Any CPU
		{5416224C-88C1-4D26-ADAF-7983BCE04756}.Debug|iPhoneSimulator.Build.0 = Debug|Any CPU
		{5416224C-88C1-4D26-ADAF-7983BCE04756}.Debug|x64.ActiveCfg = Debug|Any CPU
		{5416224C-88C1-4D26-ADAF-7983BCE04756}.Debug|x64.Build.0 = Debug|Any CPU
		{5416224C-88C1-4D26-ADAF-7983BCE04756}.Debug|x86.ActiveCfg = Debug|Any CPU
		{5416224C-88C1-4D26-ADAF-7983BCE04756}.Debug|x86.Build.0 = Debug|Any CPU
		{5416224C-88C1-4D26-ADAF-7983BCE04756}.Release|Any CPU.ActiveCfg = Release|Any CPU
		{5416224C-88C1-4D26-ADAF-7983BCE04756}.Release|Any CPU.Build.0 = Release|Any CPU
		{5416224C-88C1-4D26-ADAF-7983BCE04756}.Release|ARM.ActiveCfg = Release|Any CPU
		{5416224C-88C1-4D26-ADAF-7983BCE04756}.Release|ARM.Build.0 = Release|Any CPU
		{5416224C-88C1-4D26-ADAF-7983BCE04756}.Release|iPhone.ActiveCfg = Release|Any CPU
		{5416224C-88C1-4D26-ADAF-7983BCE04756}.Release|iPhone.Build.0 = Release|Any CPU
		{5416224C-88C1-4D26-ADAF-7983BCE04756}.Release|iPhoneSimulator.ActiveCfg = Release|Any CPU
		{5416224C-88C1-4D26-ADAF-7983BCE04756}.Release|iPhoneSimulator.Build.0 = Release|Any CPU
		{5416224C-88C1-4D26-ADAF-7983BCE04756}.Release|x64.ActiveCfg = Release|Any CPU
		{5416224C-88C1-4D26-ADAF-7983BCE04756}.Release|x64.Build.0 = Release|Any CPU
		{5416224C-88C1-4D26-ADAF-7983BCE04756}.Release|x86.ActiveCfg = Release|Any CPU
		{5416224C-88C1-4D26-ADAF-7983BCE04756}.Release|x86.Build.0 = Release|Any CPU
		{C14FCA3C-E095-4153-A894-9AF3625A738A}.Ad-Hoc|Any CPU.ActiveCfg = Debug|Any CPU
		{C14FCA3C-E095-4153-A894-9AF3625A738A}.Ad-Hoc|Any CPU.Build.0 = Debug|Any CPU
		{C14FCA3C-E095-4153-A894-9AF3625A738A}.Ad-Hoc|ARM.ActiveCfg = Debug|Any CPU
		{C14FCA3C-E095-4153-A894-9AF3625A738A}.Ad-Hoc|ARM.Build.0 = Debug|Any CPU
		{C14FCA3C-E095-4153-A894-9AF3625A738A}.Ad-Hoc|iPhone.ActiveCfg = Debug|Any CPU
		{C14FCA3C-E095-4153-A894-9AF3625A738A}.Ad-Hoc|iPhone.Build.0 = Debug|Any CPU
		{C14FCA3C-E095-4153-A894-9AF3625A738A}.Ad-Hoc|iPhoneSimulator.ActiveCfg = Debug|Any CPU
		{C14FCA3C-E095-4153-A894-9AF3625A738A}.Ad-Hoc|iPhoneSimulator.Build.0 = Debug|Any CPU
		{C14FCA3C-E095-4153-A894-9AF3625A738A}.Ad-Hoc|x64.ActiveCfg = Debug|Any CPU
		{C14FCA3C-E095-4153-A894-9AF3625A738A}.Ad-Hoc|x64.Build.0 = Debug|Any CPU
		{C14FCA3C-E095-4153-A894-9AF3625A738A}.Ad-Hoc|x86.ActiveCfg = Debug|Any CPU
		{C14FCA3C-E095-4153-A894-9AF3625A738A}.Ad-Hoc|x86.Build.0 = Debug|Any CPU
		{C14FCA3C-E095-4153-A894-9AF3625A738A}.AppStore|Any CPU.ActiveCfg = Debug|Any CPU
		{C14FCA3C-E095-4153-A894-9AF3625A738A}.AppStore|Any CPU.Build.0 = Debug|Any CPU
		{C14FCA3C-E095-4153-A894-9AF3625A738A}.AppStore|ARM.ActiveCfg = Debug|Any CPU
		{C14FCA3C-E095-4153-A894-9AF3625A738A}.AppStore|ARM.Build.0 = Debug|Any CPU
		{C14FCA3C-E095-4153-A894-9AF3625A738A}.AppStore|iPhone.ActiveCfg = Debug|Any CPU
		{C14FCA3C-E095-4153-A894-9AF3625A738A}.AppStore|iPhone.Build.0 = Debug|Any CPU
		{C14FCA3C-E095-4153-A894-9AF3625A738A}.AppStore|iPhoneSimulator.ActiveCfg = Debug|Any CPU
		{C14FCA3C-E095-4153-A894-9AF3625A738A}.AppStore|iPhoneSimulator.Build.0 = Debug|Any CPU
		{C14FCA3C-E095-4153-A894-9AF3625A738A}.AppStore|x64.ActiveCfg = Debug|Any CPU
		{C14FCA3C-E095-4153-A894-9AF3625A738A}.AppStore|x64.Build.0 = Debug|Any CPU
		{C14FCA3C-E095-4153-A894-9AF3625A738A}.AppStore|x86.ActiveCfg = Debug|Any CPU
		{C14FCA3C-E095-4153-A894-9AF3625A738A}.AppStore|x86.Build.0 = Debug|Any CPU
		{C14FCA3C-E095-4153-A894-9AF3625A738A}.Debug|Any CPU.ActiveCfg = Debug|Any CPU
		{C14FCA3C-E095-4153-A894-9AF3625A738A}.Debug|Any CPU.Build.0 = Debug|Any CPU
		{C14FCA3C-E095-4153-A894-9AF3625A738A}.Debug|ARM.ActiveCfg = Debug|Any CPU
		{C14FCA3C-E095-4153-A894-9AF3625A738A}.Debug|ARM.Build.0 = Debug|Any CPU
		{C14FCA3C-E095-4153-A894-9AF3625A738A}.Debug|iPhone.ActiveCfg = Debug|Any CPU
		{C14FCA3C-E095-4153-A894-9AF3625A738A}.Debug|iPhone.Build.0 = Debug|Any CPU
		{C14FCA3C-E095-4153-A894-9AF3625A738A}.Debug|iPhoneSimulator.ActiveCfg = Debug|Any CPU
		{C14FCA3C-E095-4153-A894-9AF3625A738A}.Debug|iPhoneSimulator.Build.0 = Debug|Any CPU
		{C14FCA3C-E095-4153-A894-9AF3625A738A}.Debug|x64.ActiveCfg = Debug|Any CPU
		{C14FCA3C-E095-4153-A894-9AF3625A738A}.Debug|x64.Build.0 = Debug|Any CPU
		{C14FCA3C-E095-4153-A894-9AF3625A738A}.Debug|x86.ActiveCfg = Debug|Any CPU
		{C14FCA3C-E095-4153-A894-9AF3625A738A}.Debug|x86.Build.0 = Debug|Any CPU
		{C14FCA3C-E095-4153-A894-9AF3625A738A}.Release|Any CPU.ActiveCfg = Release|Any CPU
		{C14FCA3C-E095-4153-A894-9AF3625A738A}.Release|Any CPU.Build.0 = Release|Any CPU
		{C14FCA3C-E095-4153-A894-9AF3625A738A}.Release|ARM.ActiveCfg = Release|Any CPU
		{C14FCA3C-E095-4153-A894-9AF3625A738A}.Release|ARM.Build.0 = Release|Any CPU
		{C14FCA3C-E095-4153-A894-9AF3625A738A}.Release|iPhone.ActiveCfg = Release|Any CPU
		{C14FCA3C-E095-4153-A894-9AF3625A738A}.Release|iPhone.Build.0 = Release|Any CPU
		{C14FCA3C-E095-4153-A894-9AF3625A738A}.Release|iPhoneSimulator.ActiveCfg = Release|Any CPU
		{C14FCA3C-E095-4153-A894-9AF3625A738A}.Release|iPhoneSimulator.Build.0 = Release|Any CPU
		{C14FCA3C-E095-4153-A894-9AF3625A738A}.Release|x64.ActiveCfg = Release|Any CPU
		{C14FCA3C-E095-4153-A894-9AF3625A738A}.Release|x64.Build.0 = Release|Any CPU
		{C14FCA3C-E095-4153-A894-9AF3625A738A}.Release|x86.ActiveCfg = Release|Any CPU
		{C14FCA3C-E095-4153-A894-9AF3625A738A}.Release|x86.Build.0 = Release|Any CPU
		{4AD8A96A-F87D-47F9-89C5-29BDD8B1F225}.Ad-Hoc|Any CPU.ActiveCfg = Debug|Any CPU
		{4AD8A96A-F87D-47F9-89C5-29BDD8B1F225}.Ad-Hoc|Any CPU.Build.0 = Debug|Any CPU
		{4AD8A96A-F87D-47F9-89C5-29BDD8B1F225}.Ad-Hoc|ARM.ActiveCfg = Debug|Any CPU
		{4AD8A96A-F87D-47F9-89C5-29BDD8B1F225}.Ad-Hoc|ARM.Build.0 = Debug|Any CPU
		{4AD8A96A-F87D-47F9-89C5-29BDD8B1F225}.Ad-Hoc|iPhone.ActiveCfg = Debug|Any CPU
		{4AD8A96A-F87D-47F9-89C5-29BDD8B1F225}.Ad-Hoc|iPhone.Build.0 = Debug|Any CPU
		{4AD8A96A-F87D-47F9-89C5-29BDD8B1F225}.Ad-Hoc|iPhoneSimulator.ActiveCfg = Debug|Any CPU
		{4AD8A96A-F87D-47F9-89C5-29BDD8B1F225}.Ad-Hoc|iPhoneSimulator.Build.0 = Debug|Any CPU
		{4AD8A96A-F87D-47F9-89C5-29BDD8B1F225}.Ad-Hoc|x64.ActiveCfg = Debug|Any CPU
		{4AD8A96A-F87D-47F9-89C5-29BDD8B1F225}.Ad-Hoc|x64.Build.0 = Debug|Any CPU
		{4AD8A96A-F87D-47F9-89C5-29BDD8B1F225}.Ad-Hoc|x86.ActiveCfg = Debug|Any CPU
		{4AD8A96A-F87D-47F9-89C5-29BDD8B1F225}.Ad-Hoc|x86.Build.0 = Debug|Any CPU
		{4AD8A96A-F87D-47F9-89C5-29BDD8B1F225}.AppStore|Any CPU.ActiveCfg = Debug|Any CPU
		{4AD8A96A-F87D-47F9-89C5-29BDD8B1F225}.AppStore|Any CPU.Build.0 = Debug|Any CPU
		{4AD8A96A-F87D-47F9-89C5-29BDD8B1F225}.AppStore|ARM.ActiveCfg = Debug|Any CPU
		{4AD8A96A-F87D-47F9-89C5-29BDD8B1F225}.AppStore|ARM.Build.0 = Debug|Any CPU
		{4AD8A96A-F87D-47F9-89C5-29BDD8B1F225}.AppStore|iPhone.ActiveCfg = Debug|Any CPU
		{4AD8A96A-F87D-47F9-89C5-29BDD8B1F225}.AppStore|iPhone.Build.0 = Debug|Any CPU
		{4AD8A96A-F87D-47F9-89C5-29BDD8B1F225}.AppStore|iPhoneSimulator.ActiveCfg = Debug|Any CPU
		{4AD8A96A-F87D-47F9-89C5-29BDD8B1F225}.AppStore|iPhoneSimulator.Build.0 = Debug|Any CPU
		{4AD8A96A-F87D-47F9-89C5-29BDD8B1F225}.AppStore|x64.ActiveCfg = Debug|Any CPU
		{4AD8A96A-F87D-47F9-89C5-29BDD8B1F225}.AppStore|x64.Build.0 = Debug|Any CPU
		{4AD8A96A-F87D-47F9-89C5-29BDD8B1F225}.AppStore|x86.ActiveCfg = Debug|Any CPU
		{4AD8A96A-F87D-47F9-89C5-29BDD8B1F225}.AppStore|x86.Build.0 = Debug|Any CPU
		{4AD8A96A-F87D-47F9-89C5-29BDD8B1F225}.Debug|Any CPU.ActiveCfg = Debug|Any CPU
		{4AD8A96A-F87D-47F9-89C5-29BDD8B1F225}.Debug|Any CPU.Build.0 = Debug|Any CPU
		{4AD8A96A-F87D-47F9-89C5-29BDD8B1F225}.Debug|ARM.ActiveCfg = Debug|Any CPU
		{4AD8A96A-F87D-47F9-89C5-29BDD8B1F225}.Debug|ARM.Build.0 = Debug|Any CPU
		{4AD8A96A-F87D-47F9-89C5-29BDD8B1F225}.Debug|iPhone.ActiveCfg = Debug|Any CPU
		{4AD8A96A-F87D-47F9-89C5-29BDD8B1F225}.Debug|iPhone.Build.0 = Debug|Any CPU
		{4AD8A96A-F87D-47F9-89C5-29BDD8B1F225}.Debug|iPhoneSimulator.ActiveCfg = Debug|Any CPU
		{4AD8A96A-F87D-47F9-89C5-29BDD8B1F225}.Debug|iPhoneSimulator.Build.0 = Debug|Any CPU
		{4AD8A96A-F87D-47F9-89C5-29BDD8B1F225}.Debug|x64.ActiveCfg = Debug|Any CPU
		{4AD8A96A-F87D-47F9-89C5-29BDD8B1F225}.Debug|x64.Build.0 = Debug|Any CPU
		{4AD8A96A-F87D-47F9-89C5-29BDD8B1F225}.Debug|x86.ActiveCfg = Debug|Any CPU
		{4AD8A96A-F87D-47F9-89C5-29BDD8B1F225}.Debug|x86.Build.0 = Debug|Any CPU
		{4AD8A96A-F87D-47F9-89C5-29BDD8B1F225}.Release|Any CPU.ActiveCfg = Release|Any CPU
		{4AD8A96A-F87D-47F9-89C5-29BDD8B1F225}.Release|Any CPU.Build.0 = Release|Any CPU
		{4AD8A96A-F87D-47F9-89C5-29BDD8B1F225}.Release|ARM.ActiveCfg = Release|Any CPU
		{4AD8A96A-F87D-47F9-89C5-29BDD8B1F225}.Release|ARM.Build.0 = Release|Any CPU
		{4AD8A96A-F87D-47F9-89C5-29BDD8B1F225}.Release|iPhone.ActiveCfg = Release|Any CPU
		{4AD8A96A-F87D-47F9-89C5-29BDD8B1F225}.Release|iPhone.Build.0 = Release|Any CPU
		{4AD8A96A-F87D-47F9-89C5-29BDD8B1F225}.Release|iPhoneSimulator.ActiveCfg = Release|Any CPU
		{4AD8A96A-F87D-47F9-89C5-29BDD8B1F225}.Release|iPhoneSimulator.Build.0 = Release|Any CPU
		{4AD8A96A-F87D-47F9-89C5-29BDD8B1F225}.Release|x64.ActiveCfg = Release|Any CPU
		{4AD8A96A-F87D-47F9-89C5-29BDD8B1F225}.Release|x64.Build.0 = Release|Any CPU
		{4AD8A96A-F87D-47F9-89C5-29BDD8B1F225}.Release|x86.ActiveCfg = Release|Any CPU
		{4AD8A96A-F87D-47F9-89C5-29BDD8B1F225}.Release|x86.Build.0 = Release|Any CPU
		{3ADC7AA9-ADD7-4573-91AA-A550A252AA59}.Ad-Hoc|Any CPU.ActiveCfg = Debug|Any CPU
		{3ADC7AA9-ADD7-4573-91AA-A550A252AA59}.Ad-Hoc|Any CPU.Build.0 = Debug|Any CPU
		{3ADC7AA9-ADD7-4573-91AA-A550A252AA59}.Ad-Hoc|ARM.ActiveCfg = Debug|Any CPU
		{3ADC7AA9-ADD7-4573-91AA-A550A252AA59}.Ad-Hoc|ARM.Build.0 = Debug|Any CPU
		{3ADC7AA9-ADD7-4573-91AA-A550A252AA59}.Ad-Hoc|iPhone.ActiveCfg = Debug|Any CPU
		{3ADC7AA9-ADD7-4573-91AA-A550A252AA59}.Ad-Hoc|iPhone.Build.0 = Debug|Any CPU
		{3ADC7AA9-ADD7-4573-91AA-A550A252AA59}.Ad-Hoc|iPhoneSimulator.ActiveCfg = Debug|Any CPU
		{3ADC7AA9-ADD7-4573-91AA-A550A252AA59}.Ad-Hoc|iPhoneSimulator.Build.0 = Debug|Any CPU
		{3ADC7AA9-ADD7-4573-91AA-A550A252AA59}.Ad-Hoc|x64.ActiveCfg = Debug|Any CPU
		{3ADC7AA9-ADD7-4573-91AA-A550A252AA59}.Ad-Hoc|x64.Build.0 = Debug|Any CPU
		{3ADC7AA9-ADD7-4573-91AA-A550A252AA59}.Ad-Hoc|x86.ActiveCfg = Debug|Any CPU
		{3ADC7AA9-ADD7-4573-91AA-A550A252AA59}.Ad-Hoc|x86.Build.0 = Debug|Any CPU
		{3ADC7AA9-ADD7-4573-91AA-A550A252AA59}.AppStore|Any CPU.ActiveCfg = Debug|Any CPU
		{3ADC7AA9-ADD7-4573-91AA-A550A252AA59}.AppStore|Any CPU.Build.0 = Debug|Any CPU
		{3ADC7AA9-ADD7-4573-91AA-A550A252AA59}.AppStore|ARM.ActiveCfg = Debug|Any CPU
		{3ADC7AA9-ADD7-4573-91AA-A550A252AA59}.AppStore|ARM.Build.0 = Debug|Any CPU
		{3ADC7AA9-ADD7-4573-91AA-A550A252AA59}.AppStore|iPhone.ActiveCfg = Debug|Any CPU
		{3ADC7AA9-ADD7-4573-91AA-A550A252AA59}.AppStore|iPhone.Build.0 = Debug|Any CPU
		{3ADC7AA9-ADD7-4573-91AA-A550A252AA59}.AppStore|iPhoneSimulator.ActiveCfg = Debug|Any CPU
		{3ADC7AA9-ADD7-4573-91AA-A550A252AA59}.AppStore|iPhoneSimulator.Build.0 = Debug|Any CPU
		{3ADC7AA9-ADD7-4573-91AA-A550A252AA59}.AppStore|x64.ActiveCfg = Debug|Any CPU
		{3ADC7AA9-ADD7-4573-91AA-A550A252AA59}.AppStore|x64.Build.0 = Debug|Any CPU
		{3ADC7AA9-ADD7-4573-91AA-A550A252AA59}.AppStore|x86.ActiveCfg = Debug|Any CPU
		{3ADC7AA9-ADD7-4573-91AA-A550A252AA59}.AppStore|x86.Build.0 = Debug|Any CPU
		{3ADC7AA9-ADD7-4573-91AA-A550A252AA59}.Debug|Any CPU.ActiveCfg = Debug|Any CPU
		{3ADC7AA9-ADD7-4573-91AA-A550A252AA59}.Debug|Any CPU.Build.0 = Debug|Any CPU
		{3ADC7AA9-ADD7-4573-91AA-A550A252AA59}.Debug|ARM.ActiveCfg = Debug|Any CPU
		{3ADC7AA9-ADD7-4573-91AA-A550A252AA59}.Debug|ARM.Build.0 = Debug|Any CPU
		{3ADC7AA9-ADD7-4573-91AA-A550A252AA59}.Debug|iPhone.ActiveCfg = Debug|Any CPU
		{3ADC7AA9-ADD7-4573-91AA-A550A252AA59}.Debug|iPhone.Build.0 = Debug|Any CPU
		{3ADC7AA9-ADD7-4573-91AA-A550A252AA59}.Debug|iPhoneSimulator.ActiveCfg = Debug|Any CPU
		{3ADC7AA9-ADD7-4573-91AA-A550A252AA59}.Debug|iPhoneSimulator.Build.0 = Debug|Any CPU
		{3ADC7AA9-ADD7-4573-91AA-A550A252AA59}.Debug|x64.ActiveCfg = Debug|Any CPU
		{3ADC7AA9-ADD7-4573-91AA-A550A252AA59}.Debug|x64.Build.0 = Debug|Any CPU
		{3ADC7AA9-ADD7-4573-91AA-A550A252AA59}.Debug|x86.ActiveCfg = Debug|Any CPU
		{3ADC7AA9-ADD7-4573-91AA-A550A252AA59}.Debug|x86.Build.0 = Debug|Any CPU
		{3ADC7AA9-ADD7-4573-91AA-A550A252AA59}.Release|Any CPU.ActiveCfg = Release|Any CPU
		{3ADC7AA9-ADD7-4573-91AA-A550A252AA59}.Release|Any CPU.Build.0 = Release|Any CPU
		{3ADC7AA9-ADD7-4573-91AA-A550A252AA59}.Release|ARM.ActiveCfg = Release|Any CPU
		{3ADC7AA9-ADD7-4573-91AA-A550A252AA59}.Release|ARM.Build.0 = Release|Any CPU
		{3ADC7AA9-ADD7-4573-91AA-A550A252AA59}.Release|iPhone.ActiveCfg = Release|Any CPU
		{3ADC7AA9-ADD7-4573-91AA-A550A252AA59}.Release|iPhone.Build.0 = Release|Any CPU
		{3ADC7AA9-ADD7-4573-91AA-A550A252AA59}.Release|iPhoneSimulator.ActiveCfg = Release|Any CPU
		{3ADC7AA9-ADD7-4573-91AA-A550A252AA59}.Release|iPhoneSimulator.Build.0 = Release|Any CPU
		{3ADC7AA9-ADD7-4573-91AA-A550A252AA59}.Release|x64.ActiveCfg = Release|Any CPU
		{3ADC7AA9-ADD7-4573-91AA-A550A252AA59}.Release|x64.Build.0 = Release|Any CPU
		{3ADC7AA9-ADD7-4573-91AA-A550A252AA59}.Release|x86.ActiveCfg = Release|Any CPU
		{3ADC7AA9-ADD7-4573-91AA-A550A252AA59}.Release|x86.Build.0 = Release|Any CPU
	EndGlobalSection
	GlobalSection(SolutionProperties) = preSolution
		HideSolutionNode = FALSE
	EndGlobalSection
	GlobalSection(ExtensibilityGlobals) = postSolution
		SolutionGuid = {E3659364-1115-4AE8-9B29-C9BE9628DDFE}
	EndGlobalSection
EndGlobal
