
Microsoft Visual Studio Solution File, Format Version 12.00
# Visual Studio 14
VisualStudioVersion = 14.0.25420.1
MinimumVisualStudioVersion = 10.0.40219.1
Project("{FAE04EC0-301F-11D3-BF4B-00C04F79EFBC}") = "Raptor.Android", "Raptor.Android\Raptor.Android.csproj", "{10473580-DEC9-4332-A19D-4E92822D99CF}"
EndProject
Project("{FAE04EC0-301F-11D3-BF4B-00C04F79EFBC}") = "Raptor.PCL", "Raptor.PCL\Raptor.PCL.csproj", "{DAB9A1F7-616F-468F-A2D5-6BEF8EECEDC8}"
EndProject
Project("{FAE04EC0-301F-11D3-BF4B-00C04F79EFBC}") = "Raptor.LevelEditor", "Raptor.LevelEditor\Raptor.LevelEditor.csproj", "{D666DCE3-2C4E-4911-8C4E-F105CCF9EC5C}"
EndProject
Project("{FAE04EC0-301F-11D3-BF4B-00C04F79EFBC}") = "Raptor.iOS", "Raptor.iOS\Raptor.iOS.csproj", "{9880E4F6-A1BB-4550-A392-4F2A8AD04A45}"
EndProject
Project("{D954291E-2A0B-460D-934E-DC6B0785DB48}") = "Raptor.GameEngine", "Raptor.GameEngine\Raptor.GameEngine.shproj", "{B75827AC-DD05-42F0-9372-BBF582A95D13}"
EndProject
Project("{8BB2217D-0F2D-49D1-97BC-3654ED321F3B}") = "Raptor.WebAPI", "Raptor.WebAPI\Raptor.WebAPI.xproj", "{1BBC1374-105E-4D01-851D-80E9B6B49BC4}"
EndProject
Project("{FAE04EC0-301F-11D3-BF4B-00C04F79EFBC}") = "Raptor.WebAPI.DataLayer", "Raptor.WebAPI.DataLayer\Raptor.WebAPI.DataLayer.csproj", "{C90EC04B-BE0C-4474-B78C-2CC7659D3FBE}"
EndProject
Project("{FAE04EC0-301F-11D3-BF4B-00C04F79EFBC}") = "Raptor.WebAPI.BusinessLayer", "Raptor.WebAPI.BusinessLayer\Raptor.WebAPI.BusinessLayer.csproj", "{8A987FC6-EE4D-4DD0-A1E9-DB4971080895}"
EndProject
Project("{FAE04EC0-301F-11D3-BF4B-00C04F79EFBC}") = "Raptor.UWP", "Raptor.UWP\Raptor.UWP.csproj", "{DD221404-F245-4AF8-B455-3EA84E9FA948}"
EndProject
Global
	GlobalSection(SharedMSBuildProjectFiles) = preSolution
		Raptor.GameEngine\Raptor.GameEngine.projitems*{10473580-dec9-4332-a19d-4e92822d99cf}*SharedItemsImports = 4
		Raptor.GameEngine\Raptor.GameEngine.projitems*{9880e4f6-a1bb-4550-a392-4f2a8ad04a45}*SharedItemsImports = 4
		Raptor.GameEngine\Raptor.GameEngine.projitems*{b75827ac-dd05-42f0-9372-bbf582a95d13}*SharedItemsImports = 13
		Raptor.GameEngine\Raptor.GameEngine.projitems*{dd221404-f245-4af8-b455-3ea84e9fa948}*SharedItemsImports = 4
	EndGlobalSection
	GlobalSection(SolutionConfigurationPlatforms) = preSolution
		Ad-Hoc|Any CPU = Ad-Hoc|Any CPU
		Ad-Hoc|ARM = Ad-Hoc|ARM
		Ad-Hoc|iPhone = Ad-Hoc|iPhone
		Ad-Hoc|iPhoneSimulator = Ad-Hoc|iPhoneSimulator
		Ad-Hoc|x64 = Ad-Hoc|x64
		Ad-Hoc|x86 = Ad-Hoc|x86
		AppStore|Any CPU = AppStore|Any CPU
		AppStore|ARM = AppStore|ARM
		AppStore|iPhone = AppStore|iPhone
		AppStore|iPhoneSimulator = AppStore|iPhoneSimulator
		AppStore|x64 = AppStore|x64
		AppStore|x86 = AppStore|x86
		Debug|Any CPU = Debug|Any CPU
		Debug|ARM = Debug|ARM
		Debug|iPhone = Debug|iPhone
		Debug|iPhoneSimulator = Debug|iPhoneSimulator
		Debug|x64 = Debug|x64
		Debug|x86 = Debug|x86
		Release|Any CPU = Release|Any CPU
		Release|ARM = Release|ARM
		Release|iPhone = Release|iPhone
		Release|iPhoneSimulator = Release|iPhoneSimulator
		Release|x64 = Release|x64
		Release|x86 = Release|x86
	EndGlobalSection
	GlobalSection(ProjectConfigurationPlatforms) = postSolution
		{10473580-DEC9-4332-A19D-4E92822D99CF}.Ad-Hoc|Any CPU.ActiveCfg = Release|Any CPU
		{10473580-DEC9-4332-A19D-4E92822D99CF}.Ad-Hoc|Any CPU.Build.0 = Release|Any CPU
		{10473580-DEC9-4332-A19D-4E92822D99CF}.Ad-Hoc|Any CPU.Deploy.0 = Release|Any CPU
		{10473580-DEC9-4332-A19D-4E92822D99CF}.Ad-Hoc|ARM.ActiveCfg = Debug|Any CPU
		{10473580-DEC9-4332-A19D-4E92822D99CF}.Ad-Hoc|ARM.Build.0 = Debug|Any CPU
		{10473580-DEC9-4332-A19D-4E92822D99CF}.Ad-Hoc|ARM.Deploy.0 = Debug|Any CPU
		{10473580-DEC9-4332-A19D-4E92822D99CF}.Ad-Hoc|iPhone.ActiveCfg = Release|Any CPU
		{10473580-DEC9-4332-A19D-4E92822D99CF}.Ad-Hoc|iPhone.Build.0 = Release|Any CPU
		{10473580-DEC9-4332-A19D-4E92822D99CF}.Ad-Hoc|iPhone.Deploy.0 = Release|Any CPU
		{10473580-DEC9-4332-A19D-4E92822D99CF}.Ad-Hoc|iPhoneSimulator.ActiveCfg = Release|Any CPU
		{10473580-DEC9-4332-A19D-4E92822D99CF}.Ad-Hoc|iPhoneSimulator.Build.0 = Release|Any CPU
		{10473580-DEC9-4332-A19D-4E92822D99CF}.Ad-Hoc|iPhoneSimulator.Deploy.0 = Release|Any CPU
		{10473580-DEC9-4332-A19D-4E92822D99CF}.Ad-Hoc|x64.ActiveCfg = Debug|Any CPU
		{10473580-DEC9-4332-A19D-4E92822D99CF}.Ad-Hoc|x64.Build.0 = Debug|Any CPU
		{10473580-DEC9-4332-A19D-4E92822D99CF}.Ad-Hoc|x64.Deploy.0 = Debug|Any CPU
		{10473580-DEC9-4332-A19D-4E92822D99CF}.Ad-Hoc|x86.ActiveCfg = Debug|Any CPU
		{10473580-DEC9-4332-A19D-4E92822D99CF}.Ad-Hoc|x86.Build.0 = Debug|Any CPU
		{10473580-DEC9-4332-A19D-4E92822D99CF}.Ad-Hoc|x86.Deploy.0 = Debug|Any CPU
		{10473580-DEC9-4332-A19D-4E92822D99CF}.AppStore|Any CPU.ActiveCfg = Release|Any CPU
		{10473580-DEC9-4332-A19D-4E92822D99CF}.AppStore|Any CPU.Build.0 = Release|Any CPU
		{10473580-DEC9-4332-A19D-4E92822D99CF}.AppStore|Any CPU.Deploy.0 = Release|Any CPU
		{10473580-DEC9-4332-A19D-4E92822D99CF}.AppStore|ARM.ActiveCfg = Debug|Any CPU
		{10473580-DEC9-4332-A19D-4E92822D99CF}.AppStore|ARM.Build.0 = Debug|Any CPU
		{10473580-DEC9-4332-A19D-4E92822D99CF}.AppStore|ARM.Deploy.0 = Debug|Any CPU
		{10473580-DEC9-4332-A19D-4E92822D99CF}.AppStore|iPhone.ActiveCfg = Release|Any CPU
		{10473580-DEC9-4332-A19D-4E92822D99CF}.AppStore|iPhone.Build.0 = Release|Any CPU
		{10473580-DEC9-4332-A19D-4E92822D99CF}.AppStore|iPhone.Deploy.0 = Release|Any CPU
		{10473580-DEC9-4332-A19D-4E92822D99CF}.AppStore|iPhoneSimulator.ActiveCfg = Release|Any CPU
		{10473580-DEC9-4332-A19D-4E92822D99CF}.AppStore|iPhoneSimulator.Build.0 = Release|Any CPU
		{10473580-DEC9-4332-A19D-4E92822D99CF}.AppStore|iPhoneSimulator.Deploy.0 = Release|Any CPU
		{10473580-DEC9-4332-A19D-4E92822D99CF}.AppStore|x64.ActiveCfg = Debug|Any CPU
		{10473580-DEC9-4332-A19D-4E92822D99CF}.AppStore|x64.Build.0 = Debug|Any CPU
		{10473580-DEC9-4332-A19D-4E92822D99CF}.AppStore|x64.Deploy.0 = Debug|Any CPU
		{10473580-DEC9-4332-A19D-4E92822D99CF}.AppStore|x86.ActiveCfg = Debug|Any CPU
		{10473580-DEC9-4332-A19D-4E92822D99CF}.AppStore|x86.Build.0 = Debug|Any CPU
		{10473580-DEC9-4332-A19D-4E92822D99CF}.AppStore|x86.Deploy.0 = Debug|Any CPU
		{10473580-DEC9-4332-A19D-4E92822D99CF}.Debug|Any CPU.ActiveCfg = Debug|Any CPU
		{10473580-DEC9-4332-A19D-4E92822D99CF}.Debug|Any CPU.Build.0 = Debug|Any CPU
		{10473580-DEC9-4332-A19D-4E92822D99CF}.Debug|Any CPU.Deploy.0 = Debug|Any CPU
		{10473580-DEC9-4332-A19D-4E92822D99CF}.Debug|ARM.ActiveCfg = Debug|Any CPU
		{10473580-DEC9-4332-A19D-4E92822D99CF}.Debug|ARM.Build.0 = Debug|Any CPU
		{10473580-DEC9-4332-A19D-4E92822D99CF}.Debug|ARM.Deploy.0 = Debug|Any CPU
		{10473580-DEC9-4332-A19D-4E92822D99CF}.Debug|iPhone.ActiveCfg = Debug|Any CPU
		{10473580-DEC9-4332-A19D-4E92822D99CF}.Debug|iPhone.Build.0 = Debug|Any CPU
		{10473580-DEC9-4332-A19D-4E92822D99CF}.Debug|iPhone.Deploy.0 = Debug|Any CPU
		{10473580-DEC9-4332-A19D-4E92822D99CF}.Debug|iPhoneSimulator.ActiveCfg = Debug|Any CPU
		{10473580-DEC9-4332-A19D-4E92822D99CF}.Debug|iPhoneSimulator.Build.0 = Debug|Any CPU
		{10473580-DEC9-4332-A19D-4E92822D99CF}.Debug|iPhoneSimulator.Deploy.0 = Debug|Any CPU
		{10473580-DEC9-4332-A19D-4E92822D99CF}.Debug|x64.ActiveCfg = Debug|Any CPU
		{10473580-DEC9-4332-A19D-4E92822D99CF}.Debug|x64.Build.0 = Debug|Any CPU
		{10473580-DEC9-4332-A19D-4E92822D99CF}.Debug|x64.Deploy.0 = Debug|Any CPU
		{10473580-DEC9-4332-A19D-4E92822D99CF}.Debug|x86.ActiveCfg = Debug|Any CPU
		{10473580-DEC9-4332-A19D-4E92822D99CF}.Debug|x86.Build.0 = Debug|Any CPU
		{10473580-DEC9-4332-A19D-4E92822D99CF}.Debug|x86.Deploy.0 = Debug|Any CPU
		{10473580-DEC9-4332-A19D-4E92822D99CF}.Release|Any CPU.ActiveCfg = Release|Any CPU
		{10473580-DEC9-4332-A19D-4E92822D99CF}.Release|Any CPU.Build.0 = Release|Any CPU
		{10473580-DEC9-4332-A19D-4E92822D99CF}.Release|Any CPU.Deploy.0 = Release|Any CPU
		{10473580-DEC9-4332-A19D-4E92822D99CF}.Release|ARM.ActiveCfg = Release|Any CPU
		{10473580-DEC9-4332-A19D-4E92822D99CF}.Release|ARM.Build.0 = Release|Any CPU
		{10473580-DEC9-4332-A19D-4E92822D99CF}.Release|ARM.Deploy.0 = Release|Any CPU
		{10473580-DEC9-4332-A19D-4E92822D99CF}.Release|iPhone.ActiveCfg = Release|Any CPU
		{10473580-DEC9-4332-A19D-4E92822D99CF}.Release|iPhone.Build.0 = Release|Any CPU
		{10473580-DEC9-4332-A19D-4E92822D99CF}.Release|iPhone.Deploy.0 = Release|Any CPU
		{10473580-DEC9-4332-A19D-4E92822D99CF}.Release|iPhoneSimulator.ActiveCfg = Release|Any CPU
		{10473580-DEC9-4332-A19D-4E92822D99CF}.Release|iPhoneSimulator.Build.0 = Release|Any CPU
		{10473580-DEC9-4332-A19D-4E92822D99CF}.Release|iPhoneSimulator.Deploy.0 = Release|Any CPU
		{10473580-DEC9-4332-A19D-4E92822D99CF}.Release|x64.ActiveCfg = Release|Any CPU
		{10473580-DEC9-4332-A19D-4E92822D99CF}.Release|x64.Build.0 = Release|Any CPU
		{10473580-DEC9-4332-A19D-4E92822D99CF}.Release|x64.Deploy.0 = Release|Any CPU
		{10473580-DEC9-4332-A19D-4E92822D99CF}.Release|x86.ActiveCfg = Release|Any CPU
		{10473580-DEC9-4332-A19D-4E92822D99CF}.Release|x86.Build.0 = Release|Any CPU
		{10473580-DEC9-4332-A19D-4E92822D99CF}.Release|x86.Deploy.0 = Release|Any CPU
		{DAB9A1F7-616F-468F-A2D5-6BEF8EECEDC8}.Ad-Hoc|Any CPU.ActiveCfg = Release|Any CPU
		{DAB9A1F7-616F-468F-A2D5-6BEF8EECEDC8}.Ad-Hoc|Any CPU.Build.0 = Release|Any CPU
		{DAB9A1F7-616F-468F-A2D5-6BEF8EECEDC8}.Ad-Hoc|ARM.ActiveCfg = Debug|Any CPU
		{DAB9A1F7-616F-468F-A2D5-6BEF8EECEDC8}.Ad-Hoc|ARM.Build.0 = Debug|Any CPU
		{DAB9A1F7-616F-468F-A2D5-6BEF8EECEDC8}.Ad-Hoc|iPhone.ActiveCfg = Release|Any CPU
		{DAB9A1F7-616F-468F-A2D5-6BEF8EECEDC8}.Ad-Hoc|iPhone.Build.0 = Release|Any CPU
		{DAB9A1F7-616F-468F-A2D5-6BEF8EECEDC8}.Ad-Hoc|iPhoneSimulator.ActiveCfg = Release|Any CPU
		{DAB9A1F7-616F-468F-A2D5-6BEF8EECEDC8}.Ad-Hoc|iPhoneSimulator.Build.0 = Release|Any CPU
		{DAB9A1F7-616F-468F-A2D5-6BEF8EECEDC8}.Ad-Hoc|x64.ActiveCfg = Debug|Any CPU
		{DAB9A1F7-616F-468F-A2D5-6BEF8EECEDC8}.Ad-Hoc|x64.Build.0 = Debug|Any CPU
		{DAB9A1F7-616F-468F-A2D5-6BEF8EECEDC8}.Ad-Hoc|x86.ActiveCfg = Debug|Any CPU
		{DAB9A1F7-616F-468F-A2D5-6BEF8EECEDC8}.Ad-Hoc|x86.Build.0 = Debug|Any CPU
		{DAB9A1F7-616F-468F-A2D5-6BEF8EECEDC8}.AppStore|Any CPU.ActiveCfg = Release|Any CPU
		{DAB9A1F7-616F-468F-A2D5-6BEF8EECEDC8}.AppStore|Any CPU.Build.0 = Release|Any CPU
		{DAB9A1F7-616F-468F-A2D5-6BEF8EECEDC8}.AppStore|ARM.ActiveCfg = Debug|Any CPU
		{DAB9A1F7-616F-468F-A2D5-6BEF8EECEDC8}.AppStore|ARM.Build.0 = Debug|Any CPU
		{DAB9A1F7-616F-468F-A2D5-6BEF8EECEDC8}.AppStore|iPhone.ActiveCfg = Release|Any CPU
		{DAB9A1F7-616F-468F-A2D5-6BEF8EECEDC8}.AppStore|iPhone.Build.0 = Release|Any CPU
		{DAB9A1F7-616F-468F-A2D5-6BEF8EECEDC8}.AppStore|iPhoneSimulator.ActiveCfg = Release|Any CPU
		{DAB9A1F7-616F-468F-A2D5-6BEF8EECEDC8}.AppStore|iPhoneSimulator.Build.0 = Release|Any CPU
		{DAB9A1F7-616F-468F-A2D5-6BEF8EECEDC8}.AppStore|x64.ActiveCfg = Debug|Any CPU
		{DAB9A1F7-616F-468F-A2D5-6BEF8EECEDC8}.AppStore|x64.Build.0 = Debug|Any CPU
		{DAB9A1F7-616F-468F-A2D5-6BEF8EECEDC8}.AppStore|x86.ActiveCfg = Debug|Any CPU
		{DAB9A1F7-616F-468F-A2D5-6BEF8EECEDC8}.AppStore|x86.Build.0 = Debug|Any CPU
		{DAB9A1F7-616F-468F-A2D5-6BEF8EECEDC8}.Debug|Any CPU.ActiveCfg = Debug|Any CPU
		{DAB9A1F7-616F-468F-A2D5-6BEF8EECEDC8}.Debug|Any CPU.Build.0 = Debug|Any CPU
		{DAB9A1F7-616F-468F-A2D5-6BEF8EECEDC8}.Debug|ARM.ActiveCfg = Debug|Any CPU
		{DAB9A1F7-616F-468F-A2D5-6BEF8EECEDC8}.Debug|ARM.Build.0 = Debug|Any CPU
		{DAB9A1F7-616F-468F-A2D5-6BEF8EECEDC8}.Debug|iPhone.ActiveCfg = Debug|Any CPU
		{DAB9A1F7-616F-468F-A2D5-6BEF8EECEDC8}.Debug|iPhone.Build.0 = Debug|Any CPU
		{DAB9A1F7-616F-468F-A2D5-6BEF8EECEDC8}.Debug|iPhoneSimulator.ActiveCfg = Debug|Any CPU
		{DAB9A1F7-616F-468F-A2D5-6BEF8EECEDC8}.Debug|iPhoneSimulator.Build.0 = Debug|Any CPU
		{DAB9A1F7-616F-468F-A2D5-6BEF8EECEDC8}.Debug|x64.ActiveCfg = Debug|Any CPU
		{DAB9A1F7-616F-468F-A2D5-6BEF8EECEDC8}.Debug|x64.Build.0 = Debug|Any CPU
		{DAB9A1F7-616F-468F-A2D5-6BEF8EECEDC8}.Debug|x86.ActiveCfg = Debug|Any CPU
		{DAB9A1F7-616F-468F-A2D5-6BEF8EECEDC8}.Debug|x86.Build.0 = Debug|Any CPU
		{DAB9A1F7-616F-468F-A2D5-6BEF8EECEDC8}.Release|Any CPU.ActiveCfg = Release|Any CPU
		{DAB9A1F7-616F-468F-A2D5-6BEF8EECEDC8}.Release|Any CPU.Build.0 = Release|Any CPU
		{DAB9A1F7-616F-468F-A2D5-6BEF8EECEDC8}.Release|ARM.ActiveCfg = Release|Any CPU
		{DAB9A1F7-616F-468F-A2D5-6BEF8EECEDC8}.Release|ARM.Build.0 = Release|Any CPU
		{DAB9A1F7-616F-468F-A2D5-6BEF8EECEDC8}.Release|iPhone.ActiveCfg = Release|Any CPU
		{DAB9A1F7-616F-468F-A2D5-6BEF8EECEDC8}.Release|iPhone.Build.0 = Release|Any CPU
		{DAB9A1F7-616F-468F-A2D5-6BEF8EECEDC8}.Release|iPhoneSimulator.ActiveCfg = Release|Any CPU
		{DAB9A1F7-616F-468F-A2D5-6BEF8EECEDC8}.Release|iPhoneSimulator.Build.0 = Release|Any CPU
		{DAB9A1F7-616F-468F-A2D5-6BEF8EECEDC8}.Release|x64.ActiveCfg = Release|Any CPU
		{DAB9A1F7-616F-468F-A2D5-6BEF8EECEDC8}.Release|x64.Build.0 = Release|Any CPU
		{DAB9A1F7-616F-468F-A2D5-6BEF8EECEDC8}.Release|x86.ActiveCfg = Release|Any CPU
		{DAB9A1F7-616F-468F-A2D5-6BEF8EECEDC8}.Release|x86.Build.0 = Release|Any CPU
		{D666DCE3-2C4E-4911-8C4E-F105CCF9EC5C}.Ad-Hoc|Any CPU.ActiveCfg = Release|Any CPU
		{D666DCE3-2C4E-4911-8C4E-F105CCF9EC5C}.Ad-Hoc|Any CPU.Build.0 = Release|Any CPU
		{D666DCE3-2C4E-4911-8C4E-F105CCF9EC5C}.Ad-Hoc|ARM.ActiveCfg = Debug|Any CPU
		{D666DCE3-2C4E-4911-8C4E-F105CCF9EC5C}.Ad-Hoc|ARM.Build.0 = Debug|Any CPU
		{D666DCE3-2C4E-4911-8C4E-F105CCF9EC5C}.Ad-Hoc|iPhone.ActiveCfg = Release|Any CPU
		{D666DCE3-2C4E-4911-8C4E-F105CCF9EC5C}.Ad-Hoc|iPhone.Build.0 = Release|Any CPU
		{D666DCE3-2C4E-4911-8C4E-F105CCF9EC5C}.Ad-Hoc|iPhoneSimulator.ActiveCfg = Release|Any CPU
		{D666DCE3-2C4E-4911-8C4E-F105CCF9EC5C}.Ad-Hoc|iPhoneSimulator.Build.0 = Release|Any CPU
		{D666DCE3-2C4E-4911-8C4E-F105CCF9EC5C}.Ad-Hoc|x64.ActiveCfg = Debug|Any CPU
		{D666DCE3-2C4E-4911-8C4E-F105CCF9EC5C}.Ad-Hoc|x64.Build.0 = Debug|Any CPU
		{D666DCE3-2C4E-4911-8C4E-F105CCF9EC5C}.Ad-Hoc|x86.ActiveCfg = Debug|Any CPU
		{D666DCE3-2C4E-4911-8C4E-F105CCF9EC5C}.Ad-Hoc|x86.Build.0 = Debug|Any CPU
		{D666DCE3-2C4E-4911-8C4E-F105CCF9EC5C}.AppStore|Any CPU.ActiveCfg = Release|Any CPU
		{D666DCE3-2C4E-4911-8C4E-F105CCF9EC5C}.AppStore|Any CPU.Build.0 = Release|Any CPU
		{D666DCE3-2C4E-4911-8C4E-F105CCF9EC5C}.AppStore|ARM.ActiveCfg = Debug|Any CPU
		{D666DCE3-2C4E-4911-8C4E-F105CCF9EC5C}.AppStore|ARM.Build.0 = Debug|Any CPU
		{D666DCE3-2C4E-4911-8C4E-F105CCF9EC5C}.AppStore|iPhone.ActiveCfg = Release|Any CPU
		{D666DCE3-2C4E-4911-8C4E-F105CCF9EC5C}.AppStore|iPhone.Build.0 = Release|Any CPU
		{D666DCE3-2C4E-4911-8C4E-F105CCF9EC5C}.AppStore|iPhoneSimulator.ActiveCfg = Release|Any CPU
		{D666DCE3-2C4E-4911-8C4E-F105CCF9EC5C}.AppStore|iPhoneSimulator.Build.0 = Release|Any CPU
		{D666DCE3-2C4E-4911-8C4E-F105CCF9EC5C}.AppStore|x64.ActiveCfg = Debug|Any CPU
		{D666DCE3-2C4E-4911-8C4E-F105CCF9EC5C}.AppStore|x64.Build.0 = Debug|Any CPU
		{D666DCE3-2C4E-4911-8C4E-F105CCF9EC5C}.AppStore|x86.ActiveCfg = Debug|Any CPU
		{D666DCE3-2C4E-4911-8C4E-F105CCF9EC5C}.AppStore|x86.Build.0 = Debug|Any CPU
		{D666DCE3-2C4E-4911-8C4E-F105CCF9EC5C}.Debug|Any CPU.ActiveCfg = Debug|Any CPU
		{D666DCE3-2C4E-4911-8C4E-F105CCF9EC5C}.Debug|Any CPU.Build.0 = Debug|Any CPU
		{D666DCE3-2C4E-4911-8C4E-F105CCF9EC5C}.Debug|ARM.ActiveCfg = Debug|Any CPU
		{D666DCE3-2C4E-4911-8C4E-F105CCF9EC5C}.Debug|ARM.Build.0 = Debug|Any CPU
		{D666DCE3-2C4E-4911-8C4E-F105CCF9EC5C}.Debug|iPhone.ActiveCfg = Debug|Any CPU
		{D666DCE3-2C4E-4911-8C4E-F105CCF9EC5C}.Debug|iPhone.Build.0 = Debug|Any CPU
		{D666DCE3-2C4E-4911-8C4E-F105CCF9EC5C}.Debug|iPhoneSimulator.ActiveCfg = Debug|Any CPU
		{D666DCE3-2C4E-4911-8C4E-F105CCF9EC5C}.Debug|iPhoneSimulator.Build.0 = Debug|Any CPU
		{D666DCE3-2C4E-4911-8C4E-F105CCF9EC5C}.Debug|x64.ActiveCfg = Debug|Any CPU
		{D666DCE3-2C4E-4911-8C4E-F105CCF9EC5C}.Debug|x64.Build.0 = Debug|Any CPU
		{D666DCE3-2C4E-4911-8C4E-F105CCF9EC5C}.Debug|x86.ActiveCfg = Debug|Any CPU
		{D666DCE3-2C4E-4911-8C4E-F105CCF9EC5C}.Debug|x86.Build.0 = Debug|Any CPU
		{D666DCE3-2C4E-4911-8C4E-F105CCF9EC5C}.Release|Any CPU.ActiveCfg = Release|Any CPU
		{D666DCE3-2C4E-4911-8C4E-F105CCF9EC5C}.Release|Any CPU.Build.0 = Release|Any CPU
		{D666DCE3-2C4E-4911-8C4E-F105CCF9EC5C}.Release|ARM.ActiveCfg = Release|Any CPU
		{D666DCE3-2C4E-4911-8C4E-F105CCF9EC5C}.Release|ARM.Build.0 = Release|Any CPU
		{D666DCE3-2C4E-4911-8C4E-F105CCF9EC5C}.Release|iPhone.ActiveCfg = Release|Any CPU
		{D666DCE3-2C4E-4911-8C4E-F105CCF9EC5C}.Release|iPhone.Build.0 = Release|Any CPU
		{D666DCE3-2C4E-4911-8C4E-F105CCF9EC5C}.Release|iPhoneSimulator.ActiveCfg = Release|Any CPU
		{D666DCE3-2C4E-4911-8C4E-F105CCF9EC5C}.Release|iPhoneSimulator.Build.0 = Release|Any CPU
		{D666DCE3-2C4E-4911-8C4E-F105CCF9EC5C}.Release|x64.ActiveCfg = Release|Any CPU
		{D666DCE3-2C4E-4911-8C4E-F105CCF9EC5C}.Release|x64.Build.0 = Release|Any CPU
		{D666DCE3-2C4E-4911-8C4E-F105CCF9EC5C}.Release|x86.ActiveCfg = Release|Any CPU
		{D666DCE3-2C4E-4911-8C4E-F105CCF9EC5C}.Release|x86.Build.0 = Release|Any CPU
		{9880E4F6-A1BB-4550-A392-4F2A8AD04A45}.Ad-Hoc|Any CPU.ActiveCfg = Ad-Hoc|iPhone
		{9880E4F6-A1BB-4550-A392-4F2A8AD04A45}.Ad-Hoc|ARM.ActiveCfg = Ad-Hoc|iPhoneSimulator
		{9880E4F6-A1BB-4550-A392-4F2A8AD04A45}.Ad-Hoc|iPhone.ActiveCfg = Ad-Hoc|iPhone
		{9880E4F6-A1BB-4550-A392-4F2A8AD04A45}.Ad-Hoc|iPhone.Build.0 = Ad-Hoc|iPhone
		{9880E4F6-A1BB-4550-A392-4F2A8AD04A45}.Ad-Hoc|iPhoneSimulator.ActiveCfg = Ad-Hoc|iPhoneSimulator
		{9880E4F6-A1BB-4550-A392-4F2A8AD04A45}.Ad-Hoc|iPhoneSimulator.Build.0 = Ad-Hoc|iPhoneSimulator
		{9880E4F6-A1BB-4550-A392-4F2A8AD04A45}.Ad-Hoc|x64.ActiveCfg = Ad-Hoc|iPhoneSimulator
		{9880E4F6-A1BB-4550-A392-4F2A8AD04A45}.Ad-Hoc|x86.ActiveCfg = Ad-Hoc|iPhoneSimulator
		{9880E4F6-A1BB-4550-A392-4F2A8AD04A45}.AppStore|Any CPU.ActiveCfg = AppStore|iPhone
		{9880E4F6-A1BB-4550-A392-4F2A8AD04A45}.AppStore|ARM.ActiveCfg = AppStore|iPhoneSimulator
		{9880E4F6-A1BB-4550-A392-4F2A8AD04A45}.AppStore|iPhone.ActiveCfg = AppStore|iPhone
		{9880E4F6-A1BB-4550-A392-4F2A8AD04A45}.AppStore|iPhone.Build.0 = AppStore|iPhone
		{9880E4F6-A1BB-4550-A392-4F2A8AD04A45}.AppStore|iPhoneSimulator.ActiveCfg = AppStore|iPhoneSimulator
		{9880E4F6-A1BB-4550-A392-4F2A8AD04A45}.AppStore|iPhoneSimulator.Build.0 = AppStore|iPhoneSimulator
		{9880E4F6-A1BB-4550-A392-4F2A8AD04A45}.AppStore|x64.ActiveCfg = AppStore|iPhoneSimulator
		{9880E4F6-A1BB-4550-A392-4F2A8AD04A45}.AppStore|x86.ActiveCfg = AppStore|iPhoneSimulator
		{9880E4F6-A1BB-4550-A392-4F2A8AD04A45}.Debug|Any CPU.ActiveCfg = Debug|iPhone
		{9880E4F6-A1BB-4550-A392-4F2A8AD04A45}.Debug|ARM.ActiveCfg = Debug|iPhoneSimulator
		{9880E4F6-A1BB-4550-A392-4F2A8AD04A45}.Debug|iPhone.ActiveCfg = Debug|iPhone
		{9880E4F6-A1BB-4550-A392-4F2A8AD04A45}.Debug|iPhone.Build.0 = Debug|iPhone
		{9880E4F6-A1BB-4550-A392-4F2A8AD04A45}.Debug|iPhoneSimulator.ActiveCfg = Debug|iPhoneSimulator
		{9880E4F6-A1BB-4550-A392-4F2A8AD04A45}.Debug|iPhoneSimulator.Build.0 = Debug|iPhoneSimulator
		{9880E4F6-A1BB-4550-A392-4F2A8AD04A45}.Debug|x64.ActiveCfg = Debug|iPhoneSimulator
		{9880E4F6-A1BB-4550-A392-4F2A8AD04A45}.Debug|x86.ActiveCfg = Debug|iPhoneSimulator
		{9880E4F6-A1BB-4550-A392-4F2A8AD04A45}.Release|Any CPU.ActiveCfg = Release|iPhone
		{9880E4F6-A1BB-4550-A392-4F2A8AD04A45}.Release|ARM.ActiveCfg = Release|iPhoneSimulator
		{9880E4F6-A1BB-4550-A392-4F2A8AD04A45}.Release|iPhone.ActiveCfg = Release|iPhone
		{9880E4F6-A1BB-4550-A392-4F2A8AD04A45}.Release|iPhone.Build.0 = Release|iPhone
		{9880E4F6-A1BB-4550-A392-4F2A8AD04A45}.Release|iPhoneSimulator.ActiveCfg = Release|iPhoneSimulator
		{9880E4F6-A1BB-4550-A392-4F2A8AD04A45}.Release|iPhoneSimulator.Build.0 = Release|iPhoneSimulator
		{9880E4F6-A1BB-4550-A392-4F2A8AD04A45}.Release|x64.ActiveCfg = Release|iPhoneSimulator
		{9880E4F6-A1BB-4550-A392-4F2A8AD04A45}.Release|x86.ActiveCfg = Release|iPhoneSimulator
		{1BBC1374-105E-4D01-851D-80E9B6B49BC4}.Ad-Hoc|Any CPU.ActiveCfg = Debug|Any CPU
		{1BBC1374-105E-4D01-851D-80E9B6B49BC4}.Ad-Hoc|Any CPU.Build.0 = Debug|Any CPU
		{1BBC1374-105E-4D01-851D-80E9B6B49BC4}.Ad-Hoc|ARM.ActiveCfg = Release|Any CPU
		{1BBC1374-105E-4D01-851D-80E9B6B49BC4}.Ad-Hoc|ARM.Build.0 = Release|Any CPU
		{1BBC1374-105E-4D01-851D-80E9B6B49BC4}.Ad-Hoc|iPhone.ActiveCfg = Debug|Any CPU
		{1BBC1374-105E-4D01-851D-80E9B6B49BC4}.Ad-Hoc|iPhone.Build.0 = Debug|Any CPU
		{1BBC1374-105E-4D01-851D-80E9B6B49BC4}.Ad-Hoc|iPhoneSimulator.ActiveCfg = Debug|Any CPU
		{1BBC1374-105E-4D01-851D-80E9B6B49BC4}.Ad-Hoc|iPhoneSimulator.Build.0 = Debug|Any CPU
		{1BBC1374-105E-4D01-851D-80E9B6B49BC4}.Ad-Hoc|x64.ActiveCfg = Release|Any CPU
		{1BBC1374-105E-4D01-851D-80E9B6B49BC4}.Ad-Hoc|x64.Build.0 = Release|Any CPU
		{1BBC1374-105E-4D01-851D-80E9B6B49BC4}.Ad-Hoc|x86.ActiveCfg = Release|Any CPU
		{1BBC1374-105E-4D01-851D-80E9B6B49BC4}.Ad-Hoc|x86.Build.0 = Release|Any CPU
		{1BBC1374-105E-4D01-851D-80E9B6B49BC4}.AppStore|Any CPU.ActiveCfg = Debug|Any CPU
		{1BBC1374-105E-4D01-851D-80E9B6B49BC4}.AppStore|Any CPU.Build.0 = Debug|Any CPU
		{1BBC1374-105E-4D01-851D-80E9B6B49BC4}.AppStore|ARM.ActiveCfg = Release|Any CPU
		{1BBC1374-105E-4D01-851D-80E9B6B49BC4}.AppStore|ARM.Build.0 = Release|Any CPU
		{1BBC1374-105E-4D01-851D-80E9B6B49BC4}.AppStore|iPhone.ActiveCfg = Debug|Any CPU
		{1BBC1374-105E-4D01-851D-80E9B6B49BC4}.AppStore|iPhone.Build.0 = Debug|Any CPU
		{1BBC1374-105E-4D01-851D-80E9B6B49BC4}.AppStore|iPhoneSimulator.ActiveCfg = Debug|Any CPU
		{1BBC1374-105E-4D01-851D-80E9B6B49BC4}.AppStore|iPhoneSimulator.Build.0 = Debug|Any CPU
		{1BBC1374-105E-4D01-851D-80E9B6B49BC4}.AppStore|x64.ActiveCfg = Release|Any CPU
		{1BBC1374-105E-4D01-851D-80E9B6B49BC4}.AppStore|x64.Build.0 = Release|Any CPU
		{1BBC1374-105E-4D01-851D-80E9B6B49BC4}.AppStore|x86.ActiveCfg = Release|Any CPU
		{1BBC1374-105E-4D01-851D-80E9B6B49BC4}.AppStore|x86.Build.0 = Release|Any CPU
		{1BBC1374-105E-4D01-851D-80E9B6B49BC4}.Debug|Any CPU.ActiveCfg = Debug|Any CPU
		{1BBC1374-105E-4D01-851D-80E9B6B49BC4}.Debug|Any CPU.Build.0 = Debug|Any CPU
		{1BBC1374-105E-4D01-851D-80E9B6B49BC4}.Debug|ARM.ActiveCfg = Debug|Any CPU
		{1BBC1374-105E-4D01-851D-80E9B6B49BC4}.Debug|ARM.Build.0 = Debug|Any CPU
		{1BBC1374-105E-4D01-851D-80E9B6B49BC4}.Debug|iPhone.ActiveCfg = Debug|Any CPU
		{1BBC1374-105E-4D01-851D-80E9B6B49BC4}.Debug|iPhone.Build.0 = Debug|Any CPU
		{1BBC1374-105E-4D01-851D-80E9B6B49BC4}.Debug|iPhoneSimulator.ActiveCfg = Debug|Any CPU
		{1BBC1374-105E-4D01-851D-80E9B6B49BC4}.Debug|iPhoneSimulator.Build.0 = Debug|Any CPU
		{1BBC1374-105E-4D01-851D-80E9B6B49BC4}.Debug|x64.ActiveCfg = Debug|Any CPU
		{1BBC1374-105E-4D01-851D-80E9B6B49BC4}.Debug|x64.Build.0 = Debug|Any CPU
		{1BBC1374-105E-4D01-851D-80E9B6B49BC4}.Debug|x86.ActiveCfg = Debug|Any CPU
		{1BBC1374-105E-4D01-851D-80E9B6B49BC4}.Debug|x86.Build.0 = Debug|Any CPU
		{1BBC1374-105E-4D01-851D-80E9B6B49BC4}.Release|Any CPU.ActiveCfg = Release|Any CPU
		{1BBC1374-105E-4D01-851D-80E9B6B49BC4}.Release|Any CPU.Build.0 = Release|Any CPU
		{1BBC1374-105E-4D01-851D-80E9B6B49BC4}.Release|ARM.ActiveCfg = Release|Any CPU
		{1BBC1374-105E-4D01-851D-80E9B6B49BC4}.Release|ARM.Build.0 = Release|Any CPU
		{1BBC1374-105E-4D01-851D-80E9B6B49BC4}.Release|iPhone.ActiveCfg = Release|Any CPU
		{1BBC1374-105E-4D01-851D-80E9B6B49BC4}.Release|iPhone.Build.0 = Release|Any CPU
		{1BBC1374-105E-4D01-851D-80E9B6B49BC4}.Release|iPhoneSimulator.ActiveCfg = Release|Any CPU
		{1BBC1374-105E-4D01-851D-80E9B6B49BC4}.Release|iPhoneSimulator.Build.0 = Release|Any CPU
		{1BBC1374-105E-4D01-851D-80E9B6B49BC4}.Release|x64.ActiveCfg = Release|Any CPU
		{1BBC1374-105E-4D01-851D-80E9B6B49BC4}.Release|x64.Build.0 = Release|Any CPU
		{1BBC1374-105E-4D01-851D-80E9B6B49BC4}.Release|x86.ActiveCfg = Release|Any CPU
		{1BBC1374-105E-4D01-851D-80E9B6B49BC4}.Release|x86.Build.0 = Release|Any CPU
		{C90EC04B-BE0C-4474-B78C-2CC7659D3FBE}.Ad-Hoc|Any CPU.ActiveCfg = Release|Any CPU
		{C90EC04B-BE0C-4474-B78C-2CC7659D3FBE}.Ad-Hoc|Any CPU.Build.0 = Release|Any CPU
		{C90EC04B-BE0C-4474-B78C-2CC7659D3FBE}.Ad-Hoc|ARM.ActiveCfg = Debug|Any CPU
		{C90EC04B-BE0C-4474-B78C-2CC7659D3FBE}.Ad-Hoc|ARM.Build.0 = Debug|Any CPU
		{C90EC04B-BE0C-4474-B78C-2CC7659D3FBE}.Ad-Hoc|iPhone.ActiveCfg = Release|Any CPU
		{C90EC04B-BE0C-4474-B78C-2CC7659D3FBE}.Ad-Hoc|iPhone.Build.0 = Release|Any CPU
		{C90EC04B-BE0C-4474-B78C-2CC7659D3FBE}.Ad-Hoc|iPhoneSimulator.ActiveCfg = Release|Any CPU
		{C90EC04B-BE0C-4474-B78C-2CC7659D3FBE}.Ad-Hoc|iPhoneSimulator.Build.0 = Release|Any CPU
		{C90EC04B-BE0C-4474-B78C-2CC7659D3FBE}.Ad-Hoc|x64.ActiveCfg = Debug|Any CPU
		{C90EC04B-BE0C-4474-B78C-2CC7659D3FBE}.Ad-Hoc|x64.Build.0 = Debug|Any CPU
		{C90EC04B-BE0C-4474-B78C-2CC7659D3FBE}.Ad-Hoc|x86.ActiveCfg = Debug|Any CPU
		{C90EC04B-BE0C-4474-B78C-2CC7659D3FBE}.Ad-Hoc|x86.Build.0 = Debug|Any CPU
		{C90EC04B-BE0C-4474-B78C-2CC7659D3FBE}.AppStore|Any CPU.ActiveCfg = Release|Any CPU
		{C90EC04B-BE0C-4474-B78C-2CC7659D3FBE}.AppStore|Any CPU.Build.0 = Release|Any CPU
		{C90EC04B-BE0C-4474-B78C-2CC7659D3FBE}.AppStore|ARM.ActiveCfg = Debug|Any CPU
		{C90EC04B-BE0C-4474-B78C-2CC7659D3FBE}.AppStore|ARM.Build.0 = Debug|Any CPU
		{C90EC04B-BE0C-4474-B78C-2CC7659D3FBE}.AppStore|iPhone.ActiveCfg = Release|Any CPU
		{C90EC04B-BE0C-4474-B78C-2CC7659D3FBE}.AppStore|iPhone.Build.0 = Release|Any CPU
		{C90EC04B-BE0C-4474-B78C-2CC7659D3FBE}.AppStore|iPhoneSimulator.ActiveCfg = Release|Any CPU
		{C90EC04B-BE0C-4474-B78C-2CC7659D3FBE}.AppStore|iPhoneSimulator.Build.0 = Release|Any CPU
		{C90EC04B-BE0C-4474-B78C-2CC7659D3FBE}.AppStore|x64.ActiveCfg = Debug|Any CPU
		{C90EC04B-BE0C-4474-B78C-2CC7659D3FBE}.AppStore|x64.Build.0 = Debug|Any CPU
		{C90EC04B-BE0C-4474-B78C-2CC7659D3FBE}.AppStore|x86.ActiveCfg = Debug|Any CPU
		{C90EC04B-BE0C-4474-B78C-2CC7659D3FBE}.AppStore|x86.Build.0 = Debug|Any CPU
		{C90EC04B-BE0C-4474-B78C-2CC7659D3FBE}.Debug|Any CPU.ActiveCfg = Debug|Any CPU
		{C90EC04B-BE0C-4474-B78C-2CC7659D3FBE}.Debug|Any CPU.Build.0 = Debug|Any CPU
		{C90EC04B-BE0C-4474-B78C-2CC7659D3FBE}.Debug|ARM.ActiveCfg = Debug|Any CPU
		{C90EC04B-BE0C-4474-B78C-2CC7659D3FBE}.Debug|ARM.Build.0 = Debug|Any CPU
		{C90EC04B-BE0C-4474-B78C-2CC7659D3FBE}.Debug|iPhone.ActiveCfg = Debug|Any CPU
		{C90EC04B-BE0C-4474-B78C-2CC7659D3FBE}.Debug|iPhone.Build.0 = Debug|Any CPU
		{C90EC04B-BE0C-4474-B78C-2CC7659D3FBE}.Debug|iPhoneSimulator.ActiveCfg = Debug|Any CPU
		{C90EC04B-BE0C-4474-B78C-2CC7659D3FBE}.Debug|iPhoneSimulator.Build.0 = Debug|Any CPU
		{C90EC04B-BE0C-4474-B78C-2CC7659D3FBE}.Debug|x64.ActiveCfg = Debug|Any CPU
		{C90EC04B-BE0C-4474-B78C-2CC7659D3FBE}.Debug|x64.Build.0 = Debug|Any CPU
		{C90EC04B-BE0C-4474-B78C-2CC7659D3FBE}.Debug|x86.ActiveCfg = Debug|Any CPU
		{C90EC04B-BE0C-4474-B78C-2CC7659D3FBE}.Debug|x86.Build.0 = Debug|Any CPU
		{C90EC04B-BE0C-4474-B78C-2CC7659D3FBE}.Release|Any CPU.ActiveCfg = Release|Any CPU
		{C90EC04B-BE0C-4474-B78C-2CC7659D3FBE}.Release|Any CPU.Build.0 = Release|Any CPU
		{C90EC04B-BE0C-4474-B78C-2CC7659D3FBE}.Release|ARM.ActiveCfg = Release|Any CPU
		{C90EC04B-BE0C-4474-B78C-2CC7659D3FBE}.Release|ARM.Build.0 = Release|Any CPU
		{C90EC04B-BE0C-4474-B78C-2CC7659D3FBE}.Release|iPhone.ActiveCfg = Release|Any CPU
		{C90EC04B-BE0C-4474-B78C-2CC7659D3FBE}.Release|iPhone.Build.0 = Release|Any CPU
		{C90EC04B-BE0C-4474-B78C-2CC7659D3FBE}.Release|iPhoneSimulator.ActiveCfg = Release|Any CPU
		{C90EC04B-BE0C-4474-B78C-2CC7659D3FBE}.Release|iPhoneSimulator.Build.0 = Release|Any CPU
		{C90EC04B-BE0C-4474-B78C-2CC7659D3FBE}.Release|x64.ActiveCfg = Release|Any CPU
		{C90EC04B-BE0C-4474-B78C-2CC7659D3FBE}.Release|x64.Build.0 = Release|Any CPU
		{C90EC04B-BE0C-4474-B78C-2CC7659D3FBE}.Release|x86.ActiveCfg = Release|Any CPU
		{C90EC04B-BE0C-4474-B78C-2CC7659D3FBE}.Release|x86.Build.0 = Release|Any CPU
		{8A987FC6-EE4D-4DD0-A1E9-DB4971080895}.Ad-Hoc|Any CPU.ActiveCfg = Release|Any CPU
		{8A987FC6-EE4D-4DD0-A1E9-DB4971080895}.Ad-Hoc|Any CPU.Build.0 = Release|Any CPU
		{8A987FC6-EE4D-4DD0-A1E9-DB4971080895}.Ad-Hoc|ARM.ActiveCfg = Debug|Any CPU
		{8A987FC6-EE4D-4DD0-A1E9-DB4971080895}.Ad-Hoc|ARM.Build.0 = Debug|Any CPU
		{8A987FC6-EE4D-4DD0-A1E9-DB4971080895}.Ad-Hoc|iPhone.ActiveCfg = Release|Any CPU
		{8A987FC6-EE4D-4DD0-A1E9-DB4971080895}.Ad-Hoc|iPhone.Build.0 = Release|Any CPU
		{8A987FC6-EE4D-4DD0-A1E9-DB4971080895}.Ad-Hoc|iPhoneSimulator.ActiveCfg = Release|Any CPU
		{8A987FC6-EE4D-4DD0-A1E9-DB4971080895}.Ad-Hoc|iPhoneSimulator.Build.0 = Release|Any CPU
		{8A987FC6-EE4D-4DD0-A1E9-DB4971080895}.Ad-Hoc|x64.ActiveCfg = Debug|Any CPU
		{8A987FC6-EE4D-4DD0-A1E9-DB4971080895}.Ad-Hoc|x64.Build.0 = Debug|Any CPU
		{8A987FC6-EE4D-4DD0-A1E9-DB4971080895}.Ad-Hoc|x86.ActiveCfg = Debug|Any CPU
		{8A987FC6-EE4D-4DD0-A1E9-DB4971080895}.Ad-Hoc|x86.Build.0 = Debug|Any CPU
		{8A987FC6-EE4D-4DD0-A1E9-DB4971080895}.AppStore|Any CPU.ActiveCfg = Release|Any CPU
		{8A987FC6-EE4D-4DD0-A1E9-DB4971080895}.AppStore|Any CPU.Build.0 = Release|Any CPU
		{8A987FC6-EE4D-4DD0-A1E9-DB4971080895}.AppStore|ARM.ActiveCfg = Debug|Any CPU
		{8A987FC6-EE4D-4DD0-A1E9-DB4971080895}.AppStore|ARM.Build.0 = Debug|Any CPU
		{8A987FC6-EE4D-4DD0-A1E9-DB4971080895}.AppStore|iPhone.ActiveCfg = Release|Any CPU
		{8A987FC6-EE4D-4DD0-A1E9-DB4971080895}.AppStore|iPhone.Build.0 = Release|Any CPU
		{8A987FC6-EE4D-4DD0-A1E9-DB4971080895}.AppStore|iPhoneSimulator.ActiveCfg = Release|Any CPU
		{8A987FC6-EE4D-4DD0-A1E9-DB4971080895}.AppStore|iPhoneSimulator.Build.0 = Release|Any CPU
		{8A987FC6-EE4D-4DD0-A1E9-DB4971080895}.AppStore|x64.ActiveCfg = Debug|Any CPU
		{8A987FC6-EE4D-4DD0-A1E9-DB4971080895}.AppStore|x64.Build.0 = Debug|Any CPU
		{8A987FC6-EE4D-4DD0-A1E9-DB4971080895}.AppStore|x86.ActiveCfg = Debug|Any CPU
		{8A987FC6-EE4D-4DD0-A1E9-DB4971080895}.AppStore|x86.Build.0 = Debug|Any CPU
		{8A987FC6-EE4D-4DD0-A1E9-DB4971080895}.Debug|Any CPU.ActiveCfg = Debug|Any CPU
		{8A987FC6-EE4D-4DD0-A1E9-DB4971080895}.Debug|Any CPU.Build.0 = Debug|Any CPU
		{8A987FC6-EE4D-4DD0-A1E9-DB4971080895}.Debug|ARM.ActiveCfg = Debug|Any CPU
		{8A987FC6-EE4D-4DD0-A1E9-DB4971080895}.Debug|ARM.Build.0 = Debug|Any CPU
		{8A987FC6-EE4D-4DD0-A1E9-DB4971080895}.Debug|iPhone.ActiveCfg = Debug|Any CPU
		{8A987FC6-EE4D-4DD0-A1E9-DB4971080895}.Debug|iPhone.Build.0 = Debug|Any CPU
		{8A987FC6-EE4D-4DD0-A1E9-DB4971080895}.Debug|iPhoneSimulator.ActiveCfg = Debug|Any CPU
		{8A987FC6-EE4D-4DD0-A1E9-DB4971080895}.Debug|iPhoneSimulator.Build.0 = Debug|Any CPU
		{8A987FC6-EE4D-4DD0-A1E9-DB4971080895}.Debug|x64.ActiveCfg = Debug|Any CPU
		{8A987FC6-EE4D-4DD0-A1E9-DB4971080895}.Debug|x64.Build.0 = Debug|Any CPU
		{8A987FC6-EE4D-4DD0-A1E9-DB4971080895}.Debug|x86.ActiveCfg = Debug|Any CPU
		{8A987FC6-EE4D-4DD0-A1E9-DB4971080895}.Debug|x86.Build.0 = Debug|Any CPU
		{8A987FC6-EE4D-4DD0-A1E9-DB4971080895}.Release|Any CPU.ActiveCfg = Release|Any CPU
		{8A987FC6-EE4D-4DD0-A1E9-DB4971080895}.Release|Any CPU.Build.0 = Release|Any CPU
		{8A987FC6-EE4D-4DD0-A1E9-DB4971080895}.Release|ARM.ActiveCfg = Release|Any CPU
		{8A987FC6-EE4D-4DD0-A1E9-DB4971080895}.Release|ARM.Build.0 = Release|Any CPU
		{8A987FC6-EE4D-4DD0-A1E9-DB4971080895}.Release|iPhone.ActiveCfg = Release|Any CPU
		{8A987FC6-EE4D-4DD0-A1E9-DB4971080895}.Release|iPhone.Build.0 = Release|Any CPU
		{8A987FC6-EE4D-4DD0-A1E9-DB4971080895}.Release|iPhoneSimulator.ActiveCfg = Release|Any CPU
		{8A987FC6-EE4D-4DD0-A1E9-DB4971080895}.Release|iPhoneSimulator.Build.0 = Release|Any CPU
		{8A987FC6-EE4D-4DD0-A1E9-DB4971080895}.Release|x64.ActiveCfg = Release|Any CPU
		{8A987FC6-EE4D-4DD0-A1E9-DB4971080895}.Release|x64.Build.0 = Release|Any CPU
		{8A987FC6-EE4D-4DD0-A1E9-DB4971080895}.Release|x86.ActiveCfg = Release|Any CPU
		{8A987FC6-EE4D-4DD0-A1E9-DB4971080895}.Release|x86.Build.0 = Release|Any CPU
		{DD221404-F245-4AF8-B455-3EA84E9FA948}.Ad-Hoc|Any CPU.ActiveCfg = Release|x86
		{DD221404-F245-4AF8-B455-3EA84E9FA948}.Ad-Hoc|Any CPU.Build.0 = Release|x86
		{DD221404-F245-4AF8-B455-3EA84E9FA948}.Ad-Hoc|Any CPU.Deploy.0 = Release|x86
		{DD221404-F245-4AF8-B455-3EA84E9FA948}.Ad-Hoc|ARM.ActiveCfg = Release|ARM
		{DD221404-F245-4AF8-B455-3EA84E9FA948}.Ad-Hoc|ARM.Build.0 = Release|ARM
		{DD221404-F245-4AF8-B455-3EA84E9FA948}.Ad-Hoc|ARM.Deploy.0 = Release|ARM
		{DD221404-F245-4AF8-B455-3EA84E9FA948}.Ad-Hoc|iPhone.ActiveCfg = Release|x86
		{DD221404-F245-4AF8-B455-3EA84E9FA948}.Ad-Hoc|iPhone.Build.0 = Release|x86
		{DD221404-F245-4AF8-B455-3EA84E9FA948}.Ad-Hoc|iPhone.Deploy.0 = Release|x86
		{DD221404-F245-4AF8-B455-3EA84E9FA948}.Ad-Hoc|iPhoneSimulator.ActiveCfg = Release|x86
		{DD221404-F245-4AF8-B455-3EA84E9FA948}.Ad-Hoc|iPhoneSimulator.Build.0 = Release|x86
		{DD221404-F245-4AF8-B455-3EA84E9FA948}.Ad-Hoc|iPhoneSimulator.Deploy.0 = Release|x86
		{DD221404-F245-4AF8-B455-3EA84E9FA948}.Ad-Hoc|x64.ActiveCfg = Release|x64
		{DD221404-F245-4AF8-B455-3EA84E9FA948}.Ad-Hoc|x64.Build.0 = Release|x64
		{DD221404-F245-4AF8-B455-3EA84E9FA948}.Ad-Hoc|x64.Deploy.0 = Release|x64
		{DD221404-F245-4AF8-B455-3EA84E9FA948}.Ad-Hoc|x86.ActiveCfg = Release|x86
		{DD221404-F245-4AF8-B455-3EA84E9FA948}.Ad-Hoc|x86.Build.0 = Release|x86
		{DD221404-F245-4AF8-B455-3EA84E9FA948}.Ad-Hoc|x86.Deploy.0 = Release|x86
		{DD221404-F245-4AF8-B455-3EA84E9FA948}.AppStore|Any CPU.ActiveCfg = Release|x86
		{DD221404-F245-4AF8-B455-3EA84E9FA948}.AppStore|Any CPU.Build.0 = Release|x86
		{DD221404-F245-4AF8-B455-3EA84E9FA948}.AppStore|Any CPU.Deploy.0 = Release|x86
		{DD221404-F245-4AF8-B455-3EA84E9FA948}.AppStore|ARM.ActiveCfg = Release|ARM
		{DD221404-F245-4AF8-B455-3EA84E9FA948}.AppStore|ARM.Build.0 = Release|ARM
		{DD221404-F245-4AF8-B455-3EA84E9FA948}.AppStore|ARM.Deploy.0 = Release|ARM
		{DD221404-F245-4AF8-B455-3EA84E9FA948}.AppStore|iPhone.ActiveCfg = Release|x86
		{DD221404-F245-4AF8-B455-3EA84E9FA948}.AppStore|iPhone.Build.0 = Release|x86
		{DD221404-F245-4AF8-B455-3EA84E9FA948}.AppStore|iPhone.Deploy.0 = Release|x86
		{DD221404-F245-4AF8-B455-3EA84E9FA948}.AppStore|iPhoneSimulator.ActiveCfg = Release|x86
		{DD221404-F245-4AF8-B455-3EA84E9FA948}.AppStore|iPhoneSimulator.Build.0 = Release|x86
		{DD221404-F245-4AF8-B455-3EA84E9FA948}.AppStore|iPhoneSimulator.Deploy.0 = Release|x86
		{DD221404-F245-4AF8-B455-3EA84E9FA948}.AppStore|x64.ActiveCfg = Release|x64
		{DD221404-F245-4AF8-B455-3EA84E9FA948}.AppStore|x64.Build.0 = Release|x64
		{DD221404-F245-4AF8-B455-3EA84E9FA948}.AppStore|x64.Deploy.0 = Release|x64
		{DD221404-F245-4AF8-B455-3EA84E9FA948}.AppStore|x86.ActiveCfg = Release|x86
		{DD221404-F245-4AF8-B455-3EA84E9FA948}.AppStore|x86.Build.0 = Release|x86
		{DD221404-F245-4AF8-B455-3EA84E9FA948}.AppStore|x86.Deploy.0 = Release|x86
		{DD221404-F245-4AF8-B455-3EA84E9FA948}.Debug|Any CPU.ActiveCfg = Debug|x86
		{DD221404-F245-4AF8-B455-3EA84E9FA948}.Debug|ARM.ActiveCfg = Debug|ARM
		{DD221404-F245-4AF8-B455-3EA84E9FA948}.Debug|ARM.Build.0 = Debug|ARM
		{DD221404-F245-4AF8-B455-3EA84E9FA948}.Debug|ARM.Deploy.0 = Debug|ARM
		{DD221404-F245-4AF8-B455-3EA84E9FA948}.Debug|iPhone.ActiveCfg = Debug|x86
		{DD221404-F245-4AF8-B455-3EA84E9FA948}.Debug|iPhoneSimulator.ActiveCfg = Debug|x86
		{DD221404-F245-4AF8-B455-3EA84E9FA948}.Debug|x64.ActiveCfg = Debug|x64
		{DD221404-F245-4AF8-B455-3EA84E9FA948}.Debug|x64.Build.0 = Debug|x64
		{DD221404-F245-4AF8-B455-3EA84E9FA948}.Debug|x64.Deploy.0 = Debug|x64
		{DD221404-F245-4AF8-B455-3EA84E9FA948}.Debug|x86.ActiveCfg = Debug|x86
		{DD221404-F245-4AF8-B455-3EA84E9FA948}.Debug|x86.Build.0 = Debug|x86
		{DD221404-F245-4AF8-B455-3EA84E9FA948}.Debug|x86.Deploy.0 = Debug|x86
		{DD221404-F245-4AF8-B455-3EA84E9FA948}.Release|Any CPU.ActiveCfg = Release|x86
		{DD221404-F245-4AF8-B455-3EA84E9FA948}.Release|ARM.ActiveCfg = Release|ARM
		{DD221404-F245-4AF8-B455-3EA84E9FA948}.Release|ARM.Build.0 = Release|ARM
		{DD221404-F245-4AF8-B455-3EA84E9FA948}.Release|ARM.Deploy.0 = Release|ARM
		{DD221404-F245-4AF8-B455-3EA84E9FA948}.Release|iPhone.ActiveCfg = Release|x86
		{DD221404-F245-4AF8-B455-3EA84E9FA948}.Release|iPhoneSimulator.ActiveCfg = Release|x86
		{DD221404-F245-4AF8-B455-3EA84E9FA948}.Release|x64.ActiveCfg = Release|x64
		{DD221404-F245-4AF8-B455-3EA84E9FA948}.Release|x64.Build.0 = Release|x64
		{DD221404-F245-4AF8-B455-3EA84E9FA948}.Release|x64.Deploy.0 = Release|x64
		{DD221404-F245-4AF8-B455-3EA84E9FA948}.Release|x86.ActiveCfg = Release|x86
		{DD221404-F245-4AF8-B455-3EA84E9FA948}.Release|x86.Build.0 = Release|x86
		{DD221404-F245-4AF8-B455-3EA84E9FA948}.Release|x86.Deploy.0 = Release|x86
	EndGlobalSection
	GlobalSection(SolutionProperties) = preSolution
		HideSolutionNode = FALSE
	EndGlobalSection
EndGlobal
